// !$*UTF8*$!
{
	archiveVersion = 1;
	classes = {
	};
	objectVersion = 46;
	objects = {

/* Begin PBXBuildFile section */
		1B53838619FDD812000564DD /* main.m in Sources */ = {isa = PBXBuildFile; fileRef = 1B53838519FDD812000564DD /* main.m */; };
		1B53838919FDD812000564DD /* AppDelegate.m in Sources */ = {isa = PBXBuildFile; fileRef = 1B53838819FDD812000564DD /* AppDelegate.m */; };
		1B53838C19FDD812000564DD /* RootViewController.m in Sources */ = {isa = PBXBuildFile; fileRef = 1B53838B19FDD812000564DD /* RootViewController.m */; };
		1B53838F19FDD812000564DD /* DataViewController.m in Sources */ = {isa = PBXBuildFile; fileRef = 1B53838E19FDD812000564DD /* DataViewController.m */; };
		1B53839219FDD812000564DD /* ModelController.m in Sources */ = {isa = PBXBuildFile; fileRef = 1B53839119FDD812000564DD /* ModelController.m */; };
		1B53839519FDD812000564DD /* Main.storyboard in Resources */ = {isa = PBXBuildFile; fileRef = 1B53839319FDD812000564DD /* Main.storyboard */; };
		1B53839719FDD812000564DD /* Images.xcassets in Resources */ = {isa = PBXBuildFile; fileRef = 1B53839619FDD812000564DD /* Images.xcassets */; };
		1B53839A19FDD812000564DD /* LaunchScreen.xib in Resources */ = {isa = PBXBuildFile; fileRef = 1B53839819FDD812000564DD /* LaunchScreen.xib */; };
		1B5383A619FDD812000564DD /* Test_underlineTests.m in Sources */ = {isa = PBXBuildFile; fileRef = 1B5383A519FDD812000564DD /* Test_underlineTests.m */; };
/* End PBXBuildFile section */

/* Begin PBXContainerItemProxy section */
		1B5383A019FDD812000564DD /* PBXContainerItemProxy */ = {
			isa = PBXContainerItemProxy;
			containerPortal = 1B53837819FDD812000564DD /* Project object */;
			proxyType = 1;
			remoteGlobalIDString = 1B53837F19FDD812000564DD;
			remoteInfo = Test_underline;
		};
/* End PBXContainerItemProxy section */

/* Begin PBXFileReference section */
		1B53838019FDD812000564DD /* Test_underline.app */ = {isa = PBXFileReference; explicitFileType = wrapper.application; includeInIndex = 0; path = Test_underline.app; sourceTree = BUILT_PRODUCTS_DIR; };
		1B53838419FDD812000564DD /* Info.plist */ = {isa = PBXFileReference; lastKnownFileType = text.plist.xml; path = Info.plist; sourceTree = "<group>"; };
		1B53838519FDD812000564DD /* main.m */ = {isa = PBXFileReference; lastKnownFileType = sourcecode.c.objc; path = main.m; sourceTree = "<group>"; };
		1B53838719FDD812000564DD /* AppDelegate.h */ = {isa = PBXFileReference; lastKnownFileType = sourcecode.c.h; path = AppDelegate.h; sourceTree = "<group>"; };
		1B53838819FDD812000564DD /* AppDelegate.m */ = {isa = PBXFileReference; lastKnownFileType = sourcecode.c.objc; path = AppDelegate.m; sourceTree = "<group>"; };
		1B53838A19FDD812000564DD /* RootViewController.h */ = {isa = PBXFileReference; lastKnownFileType = sourcecode.c.h; path = RootViewController.h; sourceTree = "<group>"; };
		1B53838B19FDD812000564DD /* RootViewController.m */ = {isa = PBXFileReference; lastKnownFileType = sourcecode.c.objc; path = RootViewController.m; sourceTree = "<group>"; };
		1B53838D19FDD812000564DD /* DataViewController.h */ = {isa = PBXFileReference; lastKnownFileType = sourcecode.c.h; path = DataViewController.h; sourceTree = "<group>"; };
		1B53838E19FDD812000564DD /* DataViewController.m */ = {isa = PBXFileReference; lastKnownFileType = sourcecode.c.objc; path = DataViewController.m; sourceTree = "<group>"; };
		1B53839019FDD812000564DD /* ModelController.h */ = {isa = PBXFileReference; lastKnownFileType = sourcecode.c.h; path = ModelController.h; sourceTree = "<group>"; };
		1B53839119FDD812000564DD /* ModelController.m */ = {isa = PBXFileReference; lastKnownFileType = sourcecode.c.objc; path = ModelController.m; sourceTree = "<group>"; };
		1B53839419FDD812000564DD /* Base */ = {isa = PBXFileReference; lastKnownFileType = file.storyboard; name = Base; path = Base.lproj/Main.storyboard; sourceTree = "<group>"; };
		1B53839619FDD812000564DD /* Images.xcassets */ = {isa = PBXFileReference; lastKnownFileType = folder.assetcatalog; path = Images.xcassets; sourceTree = "<group>"; };
		1B53839919FDD812000564DD /* Base */ = {isa = PBXFileReference; lastKnownFileType = file.xib; name = Base; path = Base.lproj/LaunchScreen.xib; sourceTree = "<group>"; };
		1B53839F19FDD812000564DD /* Test_underlineTests.xctest */ = {isa = PBXFileReference; explicitFileType = wrapper.cfbundle; includeInIndex = 0; path = Test_underlineTests.xctest; sourceTree = BUILT_PRODUCTS_DIR; };
		1B5383A419FDD812000564DD /* Info.plist */ = {isa = PBXFileReference; lastKnownFileType = text.plist.xml; path = Info.plist; sourceTree = "<group>"; };
		1B5383A519FDD812000564DD /* Test_underlineTests.m */ = {isa = PBXFileReference; lastKnownFileType = sourcecode.c.objc; path = Test_underlineTests.m; sourceTree = "<group>"; };
/* End PBXFileReference section */

/* Begin PBXFrameworksBuildPhase section */
		1B53837D19FDD812000564DD /* Frameworks */ = {
			isa = PBXFrameworksBuildPhase;
			buildActionMask = 2147483647;
			files = (
			);
			runOnlyForDeploymentPostprocessing = 0;
		};
		1B53839C19FDD812000564DD /* Frameworks */ = {
			isa = PBXFrameworksBuildPhase;
			buildActionMask = 2147483647;
			files = (
			);
			runOnlyForDeploymentPostprocessing = 0;
		};
/* End PBXFrameworksBuildPhase section */

/* Begin PBXGroup section */
		1B53837719FDD812000564DD = {
			isa = PBXGroup;
			children = (
				1B53838219FDD812000564DD /* Test_underline */,
				1B5383A219FDD812000564DD /* Test_underlineTests */,
				1B53838119FDD812000564DD /* Products */,
			);
			sourceTree = "<group>";
		};
		1B53838119FDD812000564DD /* Products */ = {
			isa = PBXGroup;
			children = (
				1B53838019FDD812000564DD /* Test_underline.app */,
				1B53839F19FDD812000564DD /* Test_underlineTests.xctest */,
			);
			name = Products;
			sourceTree = "<group>";
		};
		1B53838219FDD812000564DD /* Test_underline */ = {
			isa = PBXGroup;
			children = (
				1B53838719FDD812000564DD /* AppDelegate.h */,
				1B53838819FDD812000564DD /* AppDelegate.m */,
				1B53838A19FDD812000564DD /* RootViewController.h */,
				1B53838B19FDD812000564DD /* RootViewController.m */,
				1B53838D19FDD812000564DD /* DataViewController.h */,
				1B53838E19FDD812000564DD /* DataViewController.m */,
				1B53839019FDD812000564DD /* ModelController.h */,
				1B53839119FDD812000564DD /* ModelController.m */,
				1B53839319FDD812000564DD /* Main.storyboard */,
				1B53839619FDD812000564DD /* Images.xcassets */,
				1B53839819FDD812000564DD /* LaunchScreen.xib */,
				1B53838319FDD812000564DD /* Supporting Files */,
			);
			path = Test_underline;
			sourceTree = "<group>";
		};
		1B53838319FDD812000564DD /* Supporting Files */ = {
			isa = PBXGroup;
			children = (
				1B53838419FDD812000564DD /* Info.plist */,
				1B53838519FDD812000564DD /* main.m */,
			);
			name = "Supporting Files";
			sourceTree = "<group>";
		};
		1B5383A219FDD812000564DD /* Test_underlineTests */ = {
			isa = PBXGroup;
			children = (
				1B5383A519FDD812000564DD /* Test_underlineTests.m */,
				1B5383A319FDD812000564DD /* Supporting Files */,
			);
			path = Test_underlineTests;
			sourceTree = "<group>";
		};
		1B5383A319FDD812000564DD /* Supporting Files */ = {
			isa = PBXGroup;
			children = (
				1B5383A419FDD812000564DD /* Info.plist */,
			);
			name = "Supporting Files";
			sourceTree = "<group>";
		};
/* End PBXGroup section */

/* Begin PBXNativeTarget section */
		1B53837F19FDD812000564DD /* Test_underline */ = {
			isa = PBXNativeTarget;
			buildConfigurationList = 1B5383A919FDD812000564DD /* Build configuration list for PBXNativeTarget "Test_underline" */;
			buildPhases = (
				1B53837C19FDD812000564DD /* Sources */,
				1B53837D19FDD812000564DD /* Frameworks */,
				1B53837E19FDD812000564DD /* Resources */,
			);
			buildRules = (
			);
			dependencies = (
			);
			name = Test_underline;
			productName = Test_underline;
			productReference = 1B53838019FDD812000564DD /* Test_underline.app */;
			productType = "com.apple.product-type.application";
		};
		1B53839E19FDD812000564DD /* Test_underlineTests */ = {
			isa = PBXNativeTarget;
			buildConfigurationList = 1B5383AC19FDD812000564DD /* Build configuration list for PBXNativeTarget "Test_underlineTests" */;
			buildPhases = (
				1B53839B19FDD812000564DD /* Sources */,
				1B53839C19FDD812000564DD /* Frameworks */,
				1B53839D19FDD812000564DD /* Resources */,
			);
			buildRules = (
			);
			dependencies = (
				1B5383A119FDD812000564DD /* PBXTargetDependency */,
			);
			name = Test_underlineTests;
			productName = Test_underlineTests;
			productReference = 1B53839F19FDD812000564DD /* Test_underlineTests.xctest */;
			productType = "com.apple.product-type.bundle.unit-test";
		};
/* End PBXNativeTarget section */

/* Begin PBXProject section */
		1B53837819FDD812000564DD /* Project object */ = {
			isa = PBXProject;
			attributes = {
				LastUpgradeCheck = 0600;
				ORGANIZATIONNAME = "Ty Votey";
				TargetAttributes = {
					1B53837F19FDD812000564DD = {
						CreatedOnToolsVersion = 6.0.1;
					};
					1B53839E19FDD812000564DD = {
						CreatedOnToolsVersion = 6.0.1;
						TestTargetID = 1B53837F19FDD812000564DD;
					};
				};
			};
			buildConfigurationList = 1B53837B19FDD812000564DD /* Build configuration list for PBXProject "Test_underline" */;
			compatibilityVersion = "Xcode 3.2";
			developmentRegion = English;
			hasScannedForEncodings = 0;
			knownRegions = (
				en,
				Base,
			);
			mainGroup = 1B53837719FDD812000564DD;
			productRefGroup = 1B53838119FDD812000564DD /* Products */;
			projectDirPath = "";
			projectRoot = "";
			targets = (
				1B53837F19FDD812000564DD /* Test_underline */,
				1B53839E19FDD812000564DD /* Test_underlineTests */,
			);
		};
/* End PBXProject section */

/* Begin PBXResourcesBuildPhase section */
		1B53837E19FDD812000564DD /* Resources */ = {
			isa = PBXResourcesBuildPhase;
			buildActionMask = 2147483647;
			files = (
				1B53839519FDD812000564DD /* Main.storyboard in Resources */,
				1B53839A19FDD812000564DD /* LaunchScreen.xib in Resources */,
				1B53839719FDD812000564DD /* Images.xcassets in Resources */,
			);
			runOnlyForDeploymentPostprocessing = 0;
		};
		1B53839D19FDD812000564DD /* Resources */ = {
			isa = PBXResourcesBuildPhase;
			buildActionMask = 2147483647;
			files = (
			);
			runOnlyForDeploymentPostprocessing = 0;
		};
/* End PBXResourcesBuildPhase section */

/* Begin PBXSourcesBuildPhase section */
		1B53837C19FDD812000564DD /* Sources */ = {
			isa = PBXSourcesBuildPhase;
			buildActionMask = 2147483647;
			files = (
				1B53838F19FDD812000564DD /* DataViewController.m in Sources */,
				1B53838919FDD812000564DD /* AppDelegate.m in Sources */,
				1B53839219FDD812000564DD /* ModelController.m in Sources */,
				1B53838619FDD812000564DD /* main.m in Sources */,
				1B53838C19FDD812000564DD /* RootViewController.m in Sources */,
			);
			runOnlyForDeploymentPostprocessing = 0;
		};
		1B53839B19FDD812000564DD /* Sources */ = {
			isa = PBXSourcesBuildPhase;
			buildActionMask = 2147483647;
			files = (
				1B5383A619FDD812000564DD /* Test_underlineTests.m in Sources */,
			);
			runOnlyForDeploymentPostprocessing = 0;
		};
/* End PBXSourcesBuildPhase section */

/* Begin PBXTargetDependency section */
		1B5383A119FDD812000564DD /* PBXTargetDependency */ = {
			isa = PBXTargetDependency;
			target = 1B53837F19FDD812000564DD /* Test_underline */;
			targetProxy = 1B5383A019FDD812000564DD /* PBXContainerItemProxy */;
		};
/* End PBXTargetDependency section */

/* Begin PBXVariantGroup section */
		1B53839319FDD812000564DD /* Main.storyboard */ = {
			isa = PBXVariantGroup;
			children = (
				1B53839419FDD812000564DD /* Base */,
			);
			name = Main.storyboard;
			sourceTree = "<group>";
		};
		1B53839819FDD812000564DD /* LaunchScreen.xib */ = {
			isa = PBXVariantGroup;
			children = (
				1B53839919FDD812000564DD /* Base */,
			);
			name = LaunchScreen.xib;
			sourceTree = "<group>";
		};
/* End PBXVariantGroup section */

/* Begin XCBuildConfiguration section */
		1B5383A719FDD812000564DD /* Debug */ = {
			isa = XCBuildConfiguration;
			buildSettings = {
				ALWAYS_SEARCH_USER_PATHS = NO;
				CLANG_CXX_LANGUAGE_STANDARD = "gnu++0x";
				CLANG_CXX_LIBRARY = "libc++";
				CLANG_ENABLE_MODULES = YES;
				CLANG_ENABLE_OBJC_ARC = YES;
				CLANG_WARN_BOOL_CONVERSION = YES;
				CLANG_WARN_CONSTANT_CONVERSION = YES;
				CLANG_WARN_DIRECT_OBJC_ISA_USAGE = YES_ERROR;
				CLANG_WARN_EMPTY_BODY = YES;
				CLANG_WARN_ENUM_CONVERSION = YES;
				CLANG_WARN_INT_CONVERSION = YES;
				CLANG_WARN_OBJC_ROOT_CLASS = YES_ERROR;
				CLANG_WARN_UNREACHABLE_CODE = YES;
				CLANG_WARN__DUPLICATE_METHOD_MATCH = YES;
				"CODE_SIGN_IDENTITY[sdk=iphoneos*]" = "iPhone Developer";
				COPY_PHASE_STRIP = NO;
				ENABLE_STRICT_OBJC_MSGSEND = YES;
				GCC_C_LANGUAGE_STANDARD = gnu99;
				GCC_DYNAMIC_NO_PIC = NO;
				GCC_OPTIMIZATION_LEVEL = 0;
				GCC_PREPROCESSOR_DEFINITIONS = (
					"DEBUG=1",
					"$(inherited)",
				);
				GCC_SYMBOLS_PRIVATE_EXTERN = NO;
				GCC_WARN_64_TO_32_BIT_CONVERSION = YES;
				GCC_WARN_ABOUT_RETURN_TYPE = YES_ERROR;
				GCC_WARN_UNDECLARED_SELECTOR = YES;
				GCC_WARN_UNINITIALIZED_AUTOS = YES_AGGRESSIVE;
				GCC_WARN_UNUSED_FUNCTION = YES;
				GCC_WARN_UNUSED_VARIABLE = YES;
				IPHONEOS_DEPLOYMENT_TARGET = 8.0;
				MTL_ENABLE_DEBUG_INFO = YES;
				ONLY_ACTIVE_ARCH = YES;
				SDKROOT = iphoneos;
			};
			name = Debug;
		};
		1B5383A819FDD812000564DD /* Release */ = {
			isa = XCBuildConfiguration;
			buildSettings = {
				ALWAYS_SEARCH_USER_PATHS = NO;
				CLANG_CXX_LANGUAGE_STANDARD = "gnu++0x";
				CLANG_CXX_LIBRARY = "libc++";
				CLANG_ENABLE_MODULES = YES;
				CLANG_ENABLE_OBJC_ARC = YES;
				CLANG_WARN_BOOL_CONVERSION = YES;
				CLANG_WARN_CONSTANT_CONVERSION = YES;
				CLANG_WARN_DIRECT_OBJC_ISA_USAGE = YES_ERROR;
				CLANG_WARN_EMPTY_BODY = YES;
				CLANG_WARN_ENUM_CONVERSION = YES;
				CLANG_WARN_INT_CONVERSION = YES;
				CLANG_WARN_OBJC_ROOT_CLASS = YES_ERROR;
				CLANG_WARN_UNREACHABLE_CODE = YES;
				CLANG_WARN__DUPLICATE_METHOD_MATCH = YES;
				"CODE_SIGN_IDENTITY[sdk=iphoneos*]" = "iPhone Developer";
				COPY_PHASE_STRIP = YES;
				ENABLE_NS_ASSERTIONS = NO;
				ENABLE_STRICT_OBJC_MSGSEND = YES;
				GCC_C_LANGUAGE_STANDARD = gnu99;
				GCC_WARN_64_TO_32_BIT_CONVERSION = YES;
				GCC_WARN_ABOUT_RETURN_TYPE = YES_ERROR;
				GCC_WARN_UNDECLARED_SELECTOR = YES;
				GCC_WARN_UNINITIALIZED_AUTOS = YES_AGGRESSIVE;
				GCC_WARN_UNUSED_FUNCTION = YES;
				GCC_WARN_UNUSED_VARIABLE = YES;
				IPHONEOS_DEPLOYMENT_TARGET = 8.0;
				MTL_ENABLE_DEBUG_INFO = NO;
				SDKROOT = iphoneos;
				VALIDATE_PRODUCT = YES;
			};
			name = Release;
		};
		1B5383AA19FDD812000564DD /* Debug */ = {
			isa = XCBuildConfiguration;
			buildSettings = {
				ASSETCATALOG_COMPILER_APPICON_NAME = AppIcon;
				INFOPLIST_FILE = Test_underline/Info.plist;
				LD_RUNPATH_SEARCH_PATHS = "$(inherited) @executable_path/Frameworks";
				PRODUCT_NAME = "$(TARGET_NAME)";
			};
			name = Debug;
		};
		1B5383AB19FDD812000564DD /* Release */ = {
			isa = XCBuildConfiguration;
			buildSettings = {
				ASSETCATALOG_COMPILER_APPICON_NAME = AppIcon;
				INFOPLIST_FILE = Test_underline/Info.plist;
				LD_RUNPATH_SEARCH_PATHS = "$(inherited) @executable_path/Frameworks";
				PRODUCT_NAME = "$(TARGET_NAME)";
			};
			name = Release;
		};
		1B5383AD19FDD812000564DD /* Debug */ = {
			isa = XCBuildConfiguration;
			buildSettings = {
				BUNDLE_LOADER = "$(TEST_HOST)";
				FRAMEWORK_SEARCH_PATHS = (
					"$(SDKROOT)/Developer/Library/Frameworks",
					"$(inherited)",
				);
				GCC_PREPROCESSOR_DEFINITIONS = (
					"DEBUG=1",
					"$(inherited)",
				);
				INFOPLIST_FILE = Test_underlineTests/Info.plist;
				LD_RUNPATH_SEARCH_PATHS = "$(inherited) @executable_path/Frameworks @loader_path/Frameworks";
				PRODUCT_NAME = "$(TARGET_NAME)";
				TEST_HOST = "$(BUILT_PRODUCTS_DIR)/Test_underline.app/Test_underline";
			};
			name = Debug;
		};
		1B5383AE19FDD812000564DD /* Release */ = {
			isa = XCBuildConfiguration;
			buildSettings = {
				BUNDLE_LOADER = "$(TEST_HOST)";
				FRAMEWORK_SEARCH_PATHS = (
					"$(SDKROOT)/Developer/Library/Frameworks",
					"$(inherited)",
				);
				INFOPLIST_FILE = Test_underlineTests/Info.plist;
				LD_RUNPATH_SEARCH_PATHS = "$(inherited) @executable_path/Frameworks @loader_path/Frameworks";
				PRODUCT_NAME = "$(TARGET_NAME)";
				TEST_HOST = "$(BUILT_PRODUCTS_DIR)/Test_underline.app/Test_underline";
			};
			name = Release;
		};
/* End XCBuildConfiguration section */

/* Begin XCConfigurationList section */
		1B53837B19FDD812000564DD /* Build configuration list for PBXProject "Test_underline" */ = {
			isa = XCConfigurationList;
			buildConfigurations = (
				1B5383A719FDD812000564DD /* Debug */,
				1B5383A819FDD812000564DD /* Release */,
			);
			defaultConfigurationIsVisible = 0;
			defaultConfigurationName = Release;
		};
		1B5383A919FDD812000564DD /* Build configuration list for PBXNativeTarget "Test_underline" */ = {
			isa = XCConfigurationList;
			buildConfigurations = (
				1B5383AA19FDD812000564DD /* Debug */,
				1B5383AB19FDD812000564DD /* Release */,
			);
			defaultConfigurationIsVisible = 0;
		};
		1B5383AC19FDD812000564DD /* Build configuration list for PBXNativeTarget "Test_underlineTests" */ = {
			isa = XCConfigurationList;
			buildConfigurations = (
				1B5383AD19FDD812000564DD /* Debug */,
				1B5383AE19FDD812000564DD /* Release */,
			);
			defaultConfigurationIsVisible = 0;
		};
/* End XCConfigurationList section */
	};
	rootObject = 1B53837819FDD812000564DD /* Project object */;
}
