// !$*UTF8*$!
{
	archiveVersion = 1;
	classes = {
	};
	objectVersion = 46;
	objects = {

/* Begin PBXBuildFile section */
		1B53834E19FDD7C2000564DD /* main.m in Sources */ = {isa = PBXBuildFile; fileRef = 1B53834D19FDD7C2000564DD /* main.m */; };
		1B53835119FDD7C2000564DD /* AppDelegate.m in Sources */ = {isa = PBXBuildFile; fileRef = 1B53835019FDD7C2000564DD /* AppDelegate.m */; };
		1B53835419FDD7C2000564DD /* TitleButton_underline.xcdatamodeld in Sources */ = {isa = PBXBuildFile; fileRef = 1B53835219FDD7C2000564DD /* TitleButton_underline.xcdatamodeld */; };
		1B53835719FDD7C2000564DD /* MasterViewController.m in Sources */ = {isa = PBXBuildFile; fileRef = 1B53835619FDD7C2000564DD /* MasterViewController.m */; };
		1B53835A19FDD7C2000564DD /* DetailViewController.m in Sources */ = {isa = PBXBuildFile; fileRef = 1B53835919FDD7C2000564DD /* DetailViewController.m */; };
		1B53835D19FDD7C2000564DD /* Main.storyboard in Resources */ = {isa = PBXBuildFile; fileRef = 1B53835B19FDD7C2000564DD /* Main.storyboard */; };
		1B53835F19FDD7C2000564DD /* Images.xcassets in Resources */ = {isa = PBXBuildFile; fileRef = 1B53835E19FDD7C2000564DD /* Images.xcassets */; };
		1B53836219FDD7C2000564DD /* LaunchScreen.xib in Resources */ = {isa = PBXBuildFile; fileRef = 1B53836019FDD7C2000564DD /* LaunchScreen.xib */; };
		1B53836E19FDD7C2000564DD /* TitleButton_underlineTests.m in Sources */ = {isa = PBXBuildFile; fileRef = 1B53836D19FDD7C2000564DD /* TitleButton_underlineTests.m */; };
/* End PBXBuildFile section */

/* Begin PBXContainerItemProxy section */
		1B53836819FDD7C2000564DD /* PBXContainerItemProxy */ = {
			isa = PBXContainerItemProxy;
			containerPortal = 1B53834019FDD7C2000564DD /* Project object */;
			proxyType = 1;
			remoteGlobalIDString = 1B53834719FDD7C2000564DD;
			remoteInfo = TitleButton_underline;
		};
/* End PBXContainerItemProxy section */

/* Begin PBXFileReference section */
		1B53834819FDD7C2000564DD /* TitleButton_underline.app */ = {isa = PBXFileReference; explicitFileType = wrapper.application; includeInIndex = 0; path = TitleButton_underline.app; sourceTree = BUILT_PRODUCTS_DIR; };
		1B53834C19FDD7C2000564DD /* Info.plist */ = {isa = PBXFileReference; lastKnownFileType = text.plist.xml; path = Info.plist; sourceTree = "<group>"; };
		1B53834D19FDD7C2000564DD /* main.m */ = {isa = PBXFileReference; lastKnownFileType = sourcecode.c.objc; path = main.m; sourceTree = "<group>"; };
		1B53834F19FDD7C2000564DD /* AppDelegate.h */ = {isa = PBXFileReference; lastKnownFileType = sourcecode.c.h; path = AppDelegate.h; sourceTree = "<group>"; };
		1B53835019FDD7C2000564DD /* AppDelegate.m */ = {isa = PBXFileReference; lastKnownFileType = sourcecode.c.objc; path = AppDelegate.m; sourceTree = "<group>"; };
		1B53835319FDD7C2000564DD /* TitleButton_underline.xcdatamodel */ = {isa = PBXFileReference; lastKnownFileType = wrapper.xcdatamodel; path = TitleButton_underline.xcdatamodel; sourceTree = "<group>"; };
		1B53835519FDD7C2000564DD /* MasterViewController.h */ = {isa = PBXFileReference; lastKnownFileType = sourcecode.c.h; path = MasterViewController.h; sourceTree = "<group>"; };
		1B53835619FDD7C2000564DD /* MasterViewController.m */ = {isa = PBXFileReference; lastKnownFileType = sourcecode.c.objc; path = MasterViewController.m; sourceTree = "<group>"; };
		1B53835819FDD7C2000564DD /* DetailViewController.h */ = {isa = PBXFileReference; lastKnownFileType = sourcecode.c.h; path = DetailViewController.h; sourceTree = "<group>"; };
		1B53835919FDD7C2000564DD /* DetailViewController.m */ = {isa = PBXFileReference; lastKnownFileType = sourcecode.c.objc; path = DetailViewController.m; sourceTree = "<group>"; };
		1B53835C19FDD7C2000564DD /* Base */ = {isa = PBXFileReference; lastKnownFileType = file.storyboard; name = Base; path = Base.lproj/Main.storyboard; sourceTree = "<group>"; };
		1B53835E19FDD7C2000564DD /* Images.xcassets */ = {isa = PBXFileReference; lastKnownFileType = folder.assetcatalog; path = Images.xcassets; sourceTree = "<group>"; };
		1B53836119FDD7C2000564DD /* Base */ = {isa = PBXFileReference; lastKnownFileType = file.xib; name = Base; path = Base.lproj/LaunchScreen.xib; sourceTree = "<group>"; };
		1B53836719FDD7C2000564DD /* TitleButton_underlineTests.xctest */ = {isa = PBXFileReference; explicitFileType = wrapper.cfbundle; includeInIndex = 0; path = TitleButton_underlineTests.xctest; sourceTree = BUILT_PRODUCTS_DIR; };
		1B53836C19FDD7C2000564DD /* Info.plist */ = {isa = PBXFileReference; lastKnownFileType = text.plist.xml; path = Info.plist; sourceTree = "<group>"; };
		1B53836D19FDD7C2000564DD /* TitleButton_underlineTests.m */ = {isa = PBXFileReference; lastKnownFileType = sourcecode.c.objc; path = TitleButton_underlineTests.m; sourceTree = "<group>"; };
/* End PBXFileReference section */

/* Begin PBXFrameworksBuildPhase section */
		1B53834519FDD7C2000564DD /* Frameworks */ = {
			isa = PBXFrameworksBuildPhase;
			buildActionMask = 2147483647;
			files = (
			);
			runOnlyForDeploymentPostprocessing = 0;
		};
		1B53836419FDD7C2000564DD /* Frameworks */ = {
			isa = PBXFrameworksBuildPhase;
			buildActionMask = 2147483647;
			files = (
			);
			runOnlyForDeploymentPostprocessing = 0;
		};
/* End PBXFrameworksBuildPhase section */

/* Begin PBXGroup section */
		1B53833F19FDD7C2000564DD = {
			isa = PBXGroup;
			children = (
				1B53834A19FDD7C2000564DD /* TitleButton_underline */,
				1B53836A19FDD7C2000564DD /* TitleButton_underlineTests */,
				1B53834919FDD7C2000564DD /* Products */,
			);
			sourceTree = "<group>";
		};
		1B53834919FDD7C2000564DD /* Products */ = {
			isa = PBXGroup;
			children = (
				1B53834819FDD7C2000564DD /* TitleButton_underline.app */,
				1B53836719FDD7C2000564DD /* TitleButton_underlineTests.xctest */,
			);
			name = Products;
			sourceTree = "<group>";
		};
		1B53834A19FDD7C2000564DD /* TitleButton_underline */ = {
			isa = PBXGroup;
			children = (
				1B53834F19FDD7C2000564DD /* AppDelegate.h */,
				1B53835019FDD7C2000564DD /* AppDelegate.m */,
				1B53835519FDD7C2000564DD /* MasterViewController.h */,
				1B53835619FDD7C2000564DD /* MasterViewController.m */,
				1B53835819FDD7C2000564DD /* DetailViewController.h */,
				1B53835919FDD7C2000564DD /* DetailViewController.m */,
				1B53835B19FDD7C2000564DD /* Main.storyboard */,
				1B53835E19FDD7C2000564DD /* Images.xcassets */,
				1B53836019FDD7C2000564DD /* LaunchScreen.xib */,
				1B53835219FDD7C2000564DD /* TitleButton_underline.xcdatamodeld */,
				1B53834B19FDD7C2000564DD /* Supporting Files */,
			);
			path = TitleButton_underline;
			sourceTree = "<group>";
		};
		1B53834B19FDD7C2000564DD /* Supporting Files */ = {
			isa = PBXGroup;
			children = (
				1B53834C19FDD7C2000564DD /* Info.plist */,
				1B53834D19FDD7C2000564DD /* main.m */,
			);
			name = "Supporting Files";
			sourceTree = "<group>";
		};
		1B53836A19FDD7C2000564DD /* TitleButton_underlineTests */ = {
			isa = PBXGroup;
			children = (
				1B53836D19FDD7C2000564DD /* TitleButton_underlineTests.m */,
				1B53836B19FDD7C2000564DD /* Supporting Files */,
			);
			path = TitleButton_underlineTests;
			sourceTree = "<group>";
		};
		1B53836B19FDD7C2000564DD /* Supporting Files */ = {
			isa = PBXGroup;
			children = (
				1B53836C19FDD7C2000564DD /* Info.plist */,
			);
			name = "Supporting Files";
			sourceTree = "<group>";
		};
/* End PBXGroup section */

/* Begin PBXNativeTarget section */
		1B53834719FDD7C2000564DD /* TitleButton_underline */ = {
			isa = PBXNativeTarget;
			buildConfigurationList = 1B53837119FDD7C2000564DD /* Build configuration list for PBXNativeTarget "TitleButton_underline" */;
			buildPhases = (
				1B53834419FDD7C2000564DD /* Sources */,
				1B53834519FDD7C2000564DD /* Frameworks */,
				1B53834619FDD7C2000564DD /* Resources */,
			);
			buildRules = (
			);
			dependencies = (
			);
			name = TitleButton_underline;
			productName = TitleButton_underline;
			productReference = 1B53834819FDD7C2000564DD /* TitleButton_underline.app */;
			productType = "com.apple.product-type.application";
		};
		1B53836619FDD7C2000564DD /* TitleButton_underlineTests */ = {
			isa = PBXNativeTarget;
			buildConfigurationList = 1B53837419FDD7C2000564DD /* Build configuration list for PBXNativeTarget "TitleButton_underlineTests" */;
			buildPhases = (
				1B53836319FDD7C2000564DD /* Sources */,
				1B53836419FDD7C2000564DD /* Frameworks */,
				1B53836519FDD7C2000564DD /* Resources */,
			);
			buildRules = (
			);
			dependencies = (
				1B53836919FDD7C2000564DD /* PBXTargetDependency */,
			);
			name = TitleButton_underlineTests;
			productName = TitleButton_underlineTests;
			productReference = 1B53836719FDD7C2000564DD /* TitleButton_underlineTests.xctest */;
			productType = "com.apple.product-type.bundle.unit-test";
		};
/* End PBXNativeTarget section */

/* Begin PBXProject section */
		1B53834019FDD7C2000564DD /* Project object */ = {
			isa = PBXProject;
			attributes = {
				LastUpgradeCheck = 0600;
				ORGANIZATIONNAME = "Ty Votey";
				TargetAttributes = {
					1B53834719FDD7C2000564DD = {
						CreatedOnToolsVersion = 6.0.1;
					};
					1B53836619FDD7C2000564DD = {
						CreatedOnToolsVersion = 6.0.1;
						TestTargetID = 1B53834719FDD7C2000564DD;
					};
				};
			};
			buildConfigurationList = 1B53834319FDD7C2000564DD /* Build configuration list for PBXProject "TitleButton_underline" */;
			compatibilityVersion = "Xcode 3.2";
			developmentRegion = English;
			hasScannedForEncodings = 0;
			knownRegions = (
				en,
				Base,
			);
			mainGroup = 1B53833F19FDD7C2000564DD;
			productRefGroup = 1B53834919FDD7C2000564DD /* Products */;
			projectDirPath = "";
			projectRoot = "";
			targets = (
				1B53834719FDD7C2000564DD /* TitleButton_underline */,
				1B53836619FDD7C2000564DD /* TitleButton_underlineTests */,
			);
		};
/* End PBXProject section */

/* Begin PBXResourcesBuildPhase section */
		1B53834619FDD7C2000564DD /* Resources */ = {
			isa = PBXResourcesBuildPhase;
			buildActionMask = 2147483647;
			files = (
				1B53835D19FDD7C2000564DD /* Main.storyboard in Resources */,
				1B53836219FDD7C2000564DD /* LaunchScreen.xib in Resources */,
				1B53835F19FDD7C2000564DD /* Images.xcassets in Resources */,
			);
			runOnlyForDeploymentPostprocessing = 0;
		};
		1B53836519FDD7C2000564DD /* Resources */ = {
			isa = PBXResourcesBuildPhase;
			buildActionMask = 2147483647;
			files = (
			);
			runOnlyForDeploymentPostprocessing = 0;
		};
/* End PBXResourcesBuildPhase section */

/* Begin PBXSourcesBuildPhase section */
		1B53834419FDD7C2000564DD /* Sources */ = {
			isa = PBXSourcesBuildPhase;
			buildActionMask = 2147483647;
			files = (
				1B53835A19FDD7C2000564DD /* DetailViewController.m in Sources */,
				1B53835719FDD7C2000564DD /* MasterViewController.m in Sources */,
				1B53835119FDD7C2000564DD /* AppDelegate.m in Sources */,
				1B53834E19FDD7C2000564DD /* main.m in Sources */,
				1B53835419FDD7C2000564DD /* TitleButton_underline.xcdatamodeld in Sources */,
			);
			runOnlyForDeploymentPostprocessing = 0;
		};
		1B53836319FDD7C2000564DD /* Sources */ = {
			isa = PBXSourcesBuildPhase;
			buildActionMask = 2147483647;
			files = (
				1B53836E19FDD7C2000564DD /* TitleButton_underlineTests.m in Sources */,
			);
			runOnlyForDeploymentPostprocessing = 0;
		};
/* End PBXSourcesBuildPhase section */

/* Begin PBXTargetDependency section */
		1B53836919FDD7C2000564DD /* PBXTargetDependency */ = {
			isa = PBXTargetDependency;
			target = 1B53834719FDD7C2000564DD /* TitleButton_underline */;
			targetProxy = 1B53836819FDD7C2000564DD /* PBXContainerItemProxy */;
		};
/* End PBXTargetDependency section */

/* Begin PBXVariantGroup section */
		1B53835B19FDD7C2000564DD /* Main.storyboard */ = {
			isa = PBXVariantGroup;
			children = (
				1B53835C19FDD7C2000564DD /* Base */,
			);
			name = Main.storyboard;
			sourceTree = "<group>";
		};
		1B53836019FDD7C2000564DD /* LaunchScreen.xib */ = {
			isa = PBXVariantGroup;
			children = (
				1B53836119FDD7C2000564DD /* Base */,
			);
			name = LaunchScreen.xib;
			sourceTree = "<group>";
		};
/* End PBXVariantGroup section */

/* Begin XCBuildConfiguration section */
		1B53836F19FDD7C2000564DD /* Debug */ = {
			isa = XCBuildConfiguration;
			buildSettings = {
				ALWAYS_SEARCH_USER_PATHS = NO;
				CLANG_CXX_LANGUAGE_STANDARD = "gnu++0x";
				CLANG_CXX_LIBRARY = "libc++";
				CLANG_ENABLE_MODULES = YES;
				CLANG_ENABLE_OBJC_ARC = YES;
				CLANG_WARN_BOOL_CONVERSION = YES;
				CLANG_WARN_CONSTANT_CONVERSION = YES;
				CLANG_WARN_DIRECT_OBJC_ISA_USAGE = YES_ERROR;
				CLANG_WARN_EMPTY_BODY = YES;
				CLANG_WARN_ENUM_CONVERSION = YES;
				CLANG_WARN_INT_CONVERSION = YES;
				CLANG_WARN_OBJC_ROOT_CLASS = YES_ERROR;
				CLANG_WARN_UNREACHABLE_CODE = YES;
				CLANG_WARN__DUPLICATE_METHOD_MATCH = YES;
				"CODE_SIGN_IDENTITY[sdk=iphoneos*]" = "iPhone Developer";
				COPY_PHASE_STRIP = NO;
				ENABLE_STRICT_OBJC_MSGSEND = YES;
				GCC_C_LANGUAGE_STANDARD = gnu99;
				GCC_DYNAMIC_NO_PIC = NO;
				GCC_OPTIMIZATION_LEVEL = 0;
				GCC_PREPROCESSOR_DEFINITIONS = (
					"DEBUG=1",
					"$(inherited)",
				);
				GCC_SYMBOLS_PRIVATE_EXTERN = NO;
				GCC_WARN_64_TO_32_BIT_CONVERSION = YES;
				GCC_WARN_ABOUT_RETURN_TYPE = YES_ERROR;
				GCC_WARN_UNDECLARED_SELECTOR = YES;
				GCC_WARN_UNINITIALIZED_AUTOS = YES_AGGRESSIVE;
				GCC_WARN_UNUSED_FUNCTION = YES;
				GCC_WARN_UNUSED_VARIABLE = YES;
				IPHONEOS_DEPLOYMENT_TARGET = 8.0;
				MTL_ENABLE_DEBUG_INFO = YES;
				ONLY_ACTIVE_ARCH = YES;
				SDKROOT = iphoneos;
			};
			name = Debug;
		};
		1B53837019FDD7C2000564DD /* Release */ = {
			isa = XCBuildConfiguration;
			buildSettings = {
				ALWAYS_SEARCH_USER_PATHS = NO;
				CLANG_CXX_LANGUAGE_STANDARD = "gnu++0x";
				CLANG_CXX_LIBRARY = "libc++";
				CLANG_ENABLE_MODULES = YES;
				CLANG_ENABLE_OBJC_ARC = YES;
				CLANG_WARN_BOOL_CONVERSION = YES;
				CLANG_WARN_CONSTANT_CONVERSION = YES;
				CLANG_WARN_DIRECT_OBJC_ISA_USAGE = YES_ERROR;
				CLANG_WARN_EMPTY_BODY = YES;
				CLANG_WARN_ENUM_CONVERSION = YES;
				CLANG_WARN_INT_CONVERSION = YES;
				CLANG_WARN_OBJC_ROOT_CLASS = YES_ERROR;
				CLANG_WARN_UNREACHABLE_CODE = YES;
				CLANG_WARN__DUPLICATE_METHOD_MATCH = YES;
				"CODE_SIGN_IDENTITY[sdk=iphoneos*]" = "iPhone Developer";
				COPY_PHASE_STRIP = YES;
				ENABLE_NS_ASSERTIONS = NO;
				ENABLE_STRICT_OBJC_MSGSEND = YES;
				GCC_C_LANGUAGE_STANDARD = gnu99;
				GCC_WARN_64_TO_32_BIT_CONVERSION = YES;
				GCC_WARN_ABOUT_RETURN_TYPE = YES_ERROR;
				GCC_WARN_UNDECLARED_SELECTOR = YES;
				GCC_WARN_UNINITIALIZED_AUTOS = YES_AGGRESSIVE;
				GCC_WARN_UNUSED_FUNCTION = YES;
				GCC_WARN_UNUSED_VARIABLE = YES;
				IPHONEOS_DEPLOYMENT_TARGET = 8.0;
				MTL_ENABLE_DEBUG_INFO = NO;
				SDKROOT = iphoneos;
				VALIDATE_PRODUCT = YES;
			};
			name = Release;
		};
		1B53837219FDD7C2000564DD /* Debug */ = {
			isa = XCBuildConfiguration;
			buildSettings = {
				ASSETCATALOG_COMPILER_APPICON_NAME = AppIcon;
				INFOPLIST_FILE = TitleButton_underline/Info.plist;
				LD_RUNPATH_SEARCH_PATHS = "$(inherited) @executable_path/Frameworks";
				PRODUCT_NAME = "$(TARGET_NAME)";
			};
			name = Debug;
		};
		1B53837319FDD7C2000564DD /* Release */ = {
			isa = XCBuildConfiguration;
			buildSettings = {
				ASSETCATALOG_COMPILER_APPICON_NAME = AppIcon;
				INFOPLIST_FILE = TitleButton_underline/Info.plist;
				LD_RUNPATH_SEARCH_PATHS = "$(inherited) @executable_path/Frameworks";
				PRODUCT_NAME = "$(TARGET_NAME)";
			};
			name = Release;
		};
		1B53837519FDD7C2000564DD /* Debug */ = {
			isa = XCBuildConfiguration;
			buildSettings = {
				BUNDLE_LOADER = "$(TEST_HOST)";
				FRAMEWORK_SEARCH_PATHS = (
					"$(SDKROOT)/Developer/Library/Frameworks",
					"$(inherited)",
				);
				GCC_PREPROCESSOR_DEFINITIONS = (
					"DEBUG=1",
					"$(inherited)",
				);
				INFOPLIST_FILE = TitleButton_underlineTests/Info.plist;
				LD_RUNPATH_SEARCH_PATHS = "$(inherited) @executable_path/Frameworks @loader_path/Frameworks";
				PRODUCT_NAME = "$(TARGET_NAME)";
				TEST_HOST = "$(BUILT_PRODUCTS_DIR)/TitleButton_underline.app/TitleButton_underline";
			};
			name = Debug;
		};
		1B53837619FDD7C2000564DD /* Release */ = {
			isa = XCBuildConfiguration;
			buildSettings = {
				BUNDLE_LOADER = "$(TEST_HOST)";
				FRAMEWORK_SEARCH_PATHS = (
					"$(SDKROOT)/Developer/Library/Frameworks",
					"$(inherited)",
				);
				INFOPLIST_FILE = TitleButton_underlineTests/Info.plist;
				LD_RUNPATH_SEARCH_PATHS = "$(inherited) @executable_path/Frameworks @loader_path/Frameworks";
				PRODUCT_NAME = "$(TARGET_NAME)";
				TEST_HOST = "$(BUILT_PRODUCTS_DIR)/TitleButton_underline.app/TitleButton_underline";
			};
			name = Release;
		};
/* End XCBuildConfiguration section */

/* Begin XCConfigurationList section */
		1B53834319FDD7C2000564DD /* Build configuration list for PBXProject "TitleButton_underline" */ = {
			isa = XCConfigurationList;
			buildConfigurations = (
				1B53836F19FDD7C2000564DD /* Debug */,
				1B53837019FDD7C2000564DD /* Release */,
			);
			defaultConfigurationIsVisible = 0;
			defaultConfigurationName = Release;
		};
		1B53837119FDD7C2000564DD /* Build configuration list for PBXNativeTarget "TitleButton_underline" */ = {
			isa = XCConfigurationList;
			buildConfigurations = (
				1B53837219FDD7C2000564DD /* Debug */,
				1B53837319FDD7C2000564DD /* Release */,
			);
			defaultConfigurationIsVisible = 0;
		};
		1B53837419FDD7C2000564DD /* Build configuration list for PBXNativeTarget "TitleButton_underlineTests" */ = {
			isa = XCConfigurationList;
			buildConfigurations = (
				1B53837519FDD7C2000564DD /* Debug */,
				1B53837619FDD7C2000564DD /* Release */,
			);
			defaultConfigurationIsVisible = 0;
		};
/* End XCConfigurationList section */

/* Begin XCVersionGroup section */
		1B53835219FDD7C2000564DD /* TitleButton_underline.xcdatamodeld */ = {
			isa = XCVersionGroup;
			children = (
				1B53835319FDD7C2000564DD /* TitleButton_underline.xcdatamodel */,
			);
			currentVersion = 1B53835319FDD7C2000564DD /* TitleButton_underline.xcdatamodel */;
			path = TitleButton_underline.xcdatamodeld;
			sourceTree = "<group>";
			versionGroupType = wrapper.xcdatamodel;
		};
/* End XCVersionGroup section */
	};
	rootObject = 1B53834019FDD7C2000564DD /* Project object */;
}
