// !$*UTF8*$!
{
	archiveVersion = 1;
	classes = {
	};
	objectVersion = 46;
	objects = {

/* Begin PBXBuildFile section */
		1B472A071A2EBA6C00F17D51 /* main.m in Sources */ = {isa = PBXBuildFile; fileRef = 1B472A061A2EBA6C00F17D51 /* main.m */; };
		1B472A0A1A2EBA6C00F17D51 /* AppDelegate.m in Sources */ = {isa = PBXBuildFile; fileRef = 1B472A091A2EBA6C00F17D51 /* AppDelegate.m */; };
		1B472A0D1A2EBA6C00F17D51 /* GrowingTextView.xcdatamodeld in Sources */ = {isa = PBXBuildFile; fileRef = 1B472A0B1A2EBA6C00F17D51 /* GrowingTextView.xcdatamodeld */; };
		1B472A101A2EBA6C00F17D51 /* ViewController.m in Sources */ = {isa = PBXBuildFile; fileRef = 1B472A0F1A2EBA6C00F17D51 /* ViewController.m */; };
		1B472A131A2EBA6C00F17D51 /* Main.storyboard in Resources */ = {isa = PBXBuildFile; fileRef = 1B472A111A2EBA6C00F17D51 /* Main.storyboard */; };
		1B472A151A2EBA6C00F17D51 /* Images.xcassets in Resources */ = {isa = PBXBuildFile; fileRef = 1B472A141A2EBA6C00F17D51 /* Images.xcassets */; };
		1B472A181A2EBA6C00F17D51 /* LaunchScreen.xib in Resources */ = {isa = PBXBuildFile; fileRef = 1B472A161A2EBA6C00F17D51 /* LaunchScreen.xib */; };
		1B472A241A2EBA6C00F17D51 /* GrowingTextViewTests.m in Sources */ = {isa = PBXBuildFile; fileRef = 1B472A231A2EBA6C00F17D51 /* GrowingTextViewTests.m */; };
/* End PBXBuildFile section */

/* Begin PBXContainerItemProxy section */
		1B472A1E1A2EBA6C00F17D51 /* PBXContainerItemProxy */ = {
			isa = PBXContainerItemProxy;
			containerPortal = 1B4729F91A2EBA6C00F17D51 /* Project object */;
			proxyType = 1;
			remoteGlobalIDString = 1B472A001A2EBA6C00F17D51;
			remoteInfo = GrowingTextView;
		};
/* End PBXContainerItemProxy section */

/* Begin PBXFileReference section */
		1B472A011A2EBA6C00F17D51 /* GrowingTextView.app */ = {isa = PBXFileReference; explicitFileType = wrapper.application; includeInIndex = 0; path = GrowingTextView.app; sourceTree = BUILT_PRODUCTS_DIR; };
		1B472A051A2EBA6C00F17D51 /* Info.plist */ = {isa = PBXFileReference; lastKnownFileType = text.plist.xml; path = Info.plist; sourceTree = "<group>"; };
		1B472A061A2EBA6C00F17D51 /* main.m */ = {isa = PBXFileReference; lastKnownFileType = sourcecode.c.objc; path = main.m; sourceTree = "<group>"; };
		1B472A081A2EBA6C00F17D51 /* AppDelegate.h */ = {isa = PBXFileReference; lastKnownFileType = sourcecode.c.h; path = AppDelegate.h; sourceTree = "<group>"; };
		1B472A091A2EBA6C00F17D51 /* AppDelegate.m */ = {isa = PBXFileReference; lastKnownFileType = sourcecode.c.objc; path = AppDelegate.m; sourceTree = "<group>"; };
		1B472A0C1A2EBA6C00F17D51 /* GrowingTextView.xcdatamodel */ = {isa = PBXFileReference; lastKnownFileType = wrapper.xcdatamodel; path = GrowingTextView.xcdatamodel; sourceTree = "<group>"; };
		1B472A0E1A2EBA6C00F17D51 /* ViewController.h */ = {isa = PBXFileReference; lastKnownFileType = sourcecode.c.h; path = ViewController.h; sourceTree = "<group>"; };
		1B472A0F1A2EBA6C00F17D51 /* ViewController.m */ = {isa = PBXFileReference; lastKnownFileType = sourcecode.c.objc; path = ViewController.m; sourceTree = "<group>"; };
		1B472A121A2EBA6C00F17D51 /* Base */ = {isa = PBXFileReference; lastKnownFileType = file.storyboard; name = Base; path = Base.lproj/Main.storyboard; sourceTree = "<group>"; };
		1B472A141A2EBA6C00F17D51 /* Images.xcassets */ = {isa = PBXFileReference; lastKnownFileType = folder.assetcatalog; path = Images.xcassets; sourceTree = "<group>"; };
		1B472A171A2EBA6C00F17D51 /* Base */ = {isa = PBXFileReference; lastKnownFileType = file.xib; name = Base; path = Base.lproj/LaunchScreen.xib; sourceTree = "<group>"; };
		1B472A1D1A2EBA6C00F17D51 /* GrowingTextViewTests.xctest */ = {isa = PBXFileReference; explicitFileType = wrapper.cfbundle; includeInIndex = 0; path = GrowingTextViewTests.xctest; sourceTree = BUILT_PRODUCTS_DIR; };
		1B472A221A2EBA6C00F17D51 /* Info.plist */ = {isa = PBXFileReference; lastKnownFileType = text.plist.xml; path = Info.plist; sourceTree = "<group>"; };
		1B472A231A2EBA6C00F17D51 /* GrowingTextViewTests.m */ = {isa = PBXFileReference; lastKnownFileType = sourcecode.c.objc; path = GrowingTextViewTests.m; sourceTree = "<group>"; };
/* End PBXFileReference section */

/* Begin PBXFrameworksBuildPhase section */
		1B4729FE1A2EBA6C00F17D51 /* Frameworks */ = {
			isa = PBXFrameworksBuildPhase;
			buildActionMask = 2147483647;
			files = (
			);
			runOnlyForDeploymentPostprocessing = 0;
		};
		1B472A1A1A2EBA6C00F17D51 /* Frameworks */ = {
			isa = PBXFrameworksBuildPhase;
			buildActionMask = 2147483647;
			files = (
			);
			runOnlyForDeploymentPostprocessing = 0;
		};
/* End PBXFrameworksBuildPhase section */

/* Begin PBXGroup section */
		1B4729F81A2EBA6C00F17D51 = {
			isa = PBXGroup;
			children = (
				1B472A031A2EBA6C00F17D51 /* GrowingTextView */,
				1B472A201A2EBA6C00F17D51 /* GrowingTextViewTests */,
				1B472A021A2EBA6C00F17D51 /* Products */,
			);
			sourceTree = "<group>";
		};
		1B472A021A2EBA6C00F17D51 /* Products */ = {
			isa = PBXGroup;
			children = (
				1B472A011A2EBA6C00F17D51 /* GrowingTextView.app */,
				1B472A1D1A2EBA6C00F17D51 /* GrowingTextViewTests.xctest */,
			);
			name = Products;
			sourceTree = "<group>";
		};
		1B472A031A2EBA6C00F17D51 /* GrowingTextView */ = {
			isa = PBXGroup;
			children = (
				1B472A081A2EBA6C00F17D51 /* AppDelegate.h */,
				1B472A091A2EBA6C00F17D51 /* AppDelegate.m */,
				1B472A0E1A2EBA6C00F17D51 /* ViewController.h */,
				1B472A0F1A2EBA6C00F17D51 /* ViewController.m */,
				1B472A111A2EBA6C00F17D51 /* Main.storyboard */,
				1B472A141A2EBA6C00F17D51 /* Images.xcassets */,
				1B472A161A2EBA6C00F17D51 /* LaunchScreen.xib */,
				1B472A0B1A2EBA6C00F17D51 /* GrowingTextView.xcdatamodeld */,
				1B472A041A2EBA6C00F17D51 /* Supporting Files */,
			);
			path = GrowingTextView;
			sourceTree = "<group>";
		};
		1B472A041A2EBA6C00F17D51 /* Supporting Files */ = {
			isa = PBXGroup;
			children = (
				1B472A051A2EBA6C00F17D51 /* Info.plist */,
				1B472A061A2EBA6C00F17D51 /* main.m */,
			);
			name = "Supporting Files";
			sourceTree = "<group>";
		};
		1B472A201A2EBA6C00F17D51 /* GrowingTextViewTests */ = {
			isa = PBXGroup;
			children = (
				1B472A231A2EBA6C00F17D51 /* GrowingTextViewTests.m */,
				1B472A211A2EBA6C00F17D51 /* Supporting Files */,
			);
			path = GrowingTextViewTests;
			sourceTree = "<group>";
		};
		1B472A211A2EBA6C00F17D51 /* Supporting Files */ = {
			isa = PBXGroup;
			children = (
				1B472A221A2EBA6C00F17D51 /* Info.plist */,
			);
			name = "Supporting Files";
			sourceTree = "<group>";
		};
/* End PBXGroup section */

/* Begin PBXNativeTarget section */
		1B472A001A2EBA6C00F17D51 /* GrowingTextView */ = {
			isa = PBXNativeTarget;
			buildConfigurationList = 1B472A271A2EBA6C00F17D51 /* Build configuration list for PBXNativeTarget "GrowingTextView" */;
			buildPhases = (
				1B4729FD1A2EBA6C00F17D51 /* Sources */,
				1B4729FE1A2EBA6C00F17D51 /* Frameworks */,
				1B4729FF1A2EBA6C00F17D51 /* Resources */,
			);
			buildRules = (
			);
			dependencies = (
			);
			name = GrowingTextView;
			productName = GrowingTextView;
			productReference = 1B472A011A2EBA6C00F17D51 /* GrowingTextView.app */;
			productType = "com.apple.product-type.application";
		};
		1B472A1C1A2EBA6C00F17D51 /* GrowingTextViewTests */ = {
			isa = PBXNativeTarget;
			buildConfigurationList = 1B472A2A1A2EBA6C00F17D51 /* Build configuration list for PBXNativeTarget "GrowingTextViewTests" */;
			buildPhases = (
				1B472A191A2EBA6C00F17D51 /* Sources */,
				1B472A1A1A2EBA6C00F17D51 /* Frameworks */,
				1B472A1B1A2EBA6C00F17D51 /* Resources */,
			);
			buildRules = (
			);
			dependencies = (
				1B472A1F1A2EBA6C00F17D51 /* PBXTargetDependency */,
			);
			name = GrowingTextViewTests;
			productName = GrowingTextViewTests;
			productReference = 1B472A1D1A2EBA6C00F17D51 /* GrowingTextViewTests.xctest */;
			productType = "com.apple.product-type.bundle.unit-test";
		};
/* End PBXNativeTarget section */

/* Begin PBXProject section */
		1B4729F91A2EBA6C00F17D51 /* Project object */ = {
			isa = PBXProject;
			attributes = {
				LastUpgradeCheck = 0600;
				ORGANIZATIONNAME = "Ty Votey";
				TargetAttributes = {
					1B472A001A2EBA6C00F17D51 = {
						CreatedOnToolsVersion = 6.0.1;
					};
					1B472A1C1A2EBA6C00F17D51 = {
						CreatedOnToolsVersion = 6.0.1;
						TestTargetID = 1B472A001A2EBA6C00F17D51;
					};
				};
			};
			buildConfigurationList = 1B4729FC1A2EBA6C00F17D51 /* Build configuration list for PBXProject "GrowingTextView" */;
			compatibilityVersion = "Xcode 3.2";
			developmentRegion = English;
			hasScannedForEncodings = 0;
			knownRegions = (
				en,
				Base,
			);
			mainGroup = 1B4729F81A2EBA6C00F17D51;
			productRefGroup = 1B472A021A2EBA6C00F17D51 /* Products */;
			projectDirPath = "";
			projectRoot = "";
			targets = (
				1B472A001A2EBA6C00F17D51 /* GrowingTextView */,
				1B472A1C1A2EBA6C00F17D51 /* GrowingTextViewTests */,
			);
		};
/* End PBXProject section */

/* Begin PBXResourcesBuildPhase section */
		1B4729FF1A2EBA6C00F17D51 /* Resources */ = {
			isa = PBXResourcesBuildPhase;
			buildActionMask = 2147483647;
			files = (
				1B472A131A2EBA6C00F17D51 /* Main.storyboard in Resources */,
				1B472A181A2EBA6C00F17D51 /* LaunchScreen.xib in Resources */,
				1B472A151A2EBA6C00F17D51 /* Images.xcassets in Resources */,
			);
			runOnlyForDeploymentPostprocessing = 0;
		};
		1B472A1B1A2EBA6C00F17D51 /* Resources */ = {
			isa = PBXResourcesBuildPhase;
			buildActionMask = 2147483647;
			files = (
			);
			runOnlyForDeploymentPostprocessing = 0;
		};
/* End PBXResourcesBuildPhase section */

/* Begin PBXSourcesBuildPhase section */
		1B4729FD1A2EBA6C00F17D51 /* Sources */ = {
			isa = PBXSourcesBuildPhase;
			buildActionMask = 2147483647;
			files = (
				1B472A0A1A2EBA6C00F17D51 /* AppDelegate.m in Sources */,
				1B472A071A2EBA6C00F17D51 /* main.m in Sources */,
				1B472A101A2EBA6C00F17D51 /* ViewController.m in Sources */,
				1B472A0D1A2EBA6C00F17D51 /* GrowingTextView.xcdatamodeld in Sources */,
			);
			runOnlyForDeploymentPostprocessing = 0;
		};
		1B472A191A2EBA6C00F17D51 /* Sources */ = {
			isa = PBXSourcesBuildPhase;
			buildActionMask = 2147483647;
			files = (
				1B472A241A2EBA6C00F17D51 /* GrowingTextViewTests.m in Sources */,
			);
			runOnlyForDeploymentPostprocessing = 0;
		};
/* End PBXSourcesBuildPhase section */

/* Begin PBXTargetDependency section */
		1B472A1F1A2EBA6C00F17D51 /* PBXTargetDependency */ = {
			isa = PBXTargetDependency;
			target = 1B472A001A2EBA6C00F17D51 /* GrowingTextView */;
			targetProxy = 1B472A1E1A2EBA6C00F17D51 /* PBXContainerItemProxy */;
		};
/* End PBXTargetDependency section */

/* Begin PBXVariantGroup section */
		1B472A111A2EBA6C00F17D51 /* Main.storyboard */ = {
			isa = PBXVariantGroup;
			children = (
				1B472A121A2EBA6C00F17D51 /* Base */,
			);
			name = Main.storyboard;
			sourceTree = "<group>";
		};
		1B472A161A2EBA6C00F17D51 /* LaunchScreen.xib */ = {
			isa = PBXVariantGroup;
			children = (
				1B472A171A2EBA6C00F17D51 /* Base */,
			);
			name = LaunchScreen.xib;
			sourceTree = "<group>";
		};
/* End PBXVariantGroup section */

/* Begin XCBuildConfiguration section */
		1B472A251A2EBA6C00F17D51 /* Debug */ = {
			isa = XCBuildConfiguration;
			buildSettings = {
				ALWAYS_SEARCH_USER_PATHS = NO;
				CLANG_CXX_LANGUAGE_STANDARD = "gnu++0x";
				CLANG_CXX_LIBRARY = "libc++";
				CLANG_ENABLE_MODULES = YES;
				CLANG_ENABLE_OBJC_ARC = YES;
				CLANG_WARN_BOOL_CONVERSION = YES;
				CLANG_WARN_CONSTANT_CONVERSION = YES;
				CLANG_WARN_DIRECT_OBJC_ISA_USAGE = YES_ERROR;
				CLANG_WARN_EMPTY_BODY = YES;
				CLANG_WARN_ENUM_CONVERSION = YES;
				CLANG_WARN_INT_CONVERSION = YES;
				CLANG_WARN_OBJC_ROOT_CLASS = YES_ERROR;
				CLANG_WARN_UNREACHABLE_CODE = YES;
				CLANG_WARN__DUPLICATE_METHOD_MATCH = YES;
				"CODE_SIGN_IDENTITY[sdk=iphoneos*]" = "iPhone Developer";
				COPY_PHASE_STRIP = NO;
				ENABLE_STRICT_OBJC_MSGSEND = YES;
				GCC_C_LANGUAGE_STANDARD = gnu99;
				GCC_DYNAMIC_NO_PIC = NO;
				GCC_OPTIMIZATION_LEVEL = 0;
				GCC_PREPROCESSOR_DEFINITIONS = (
					"DEBUG=1",
					"$(inherited)",
				);
				GCC_SYMBOLS_PRIVATE_EXTERN = NO;
				GCC_WARN_64_TO_32_BIT_CONVERSION = YES;
				GCC_WARN_ABOUT_RETURN_TYPE = YES_ERROR;
				GCC_WARN_UNDECLARED_SELECTOR = YES;
				GCC_WARN_UNINITIALIZED_AUTOS = YES_AGGRESSIVE;
				GCC_WARN_UNUSED_FUNCTION = YES;
				GCC_WARN_UNUSED_VARIABLE = YES;
				IPHONEOS_DEPLOYMENT_TARGET = 8.0;
				MTL_ENABLE_DEBUG_INFO = YES;
				ONLY_ACTIVE_ARCH = YES;
				SDKROOT = iphoneos;
			};
			name = Debug;
		};
		1B472A261A2EBA6C00F17D51 /* Release */ = {
			isa = XCBuildConfiguration;
			buildSettings = {
				ALWAYS_SEARCH_USER_PATHS = NO;
				CLANG_CXX_LANGUAGE_STANDARD = "gnu++0x";
				CLANG_CXX_LIBRARY = "libc++";
				CLANG_ENABLE_MODULES = YES;
				CLANG_ENABLE_OBJC_ARC = YES;
				CLANG_WARN_BOOL_CONVERSION = YES;
				CLANG_WARN_CONSTANT_CONVERSION = YES;
				CLANG_WARN_DIRECT_OBJC_ISA_USAGE = YES_ERROR;
				CLANG_WARN_EMPTY_BODY = YES;
				CLANG_WARN_ENUM_CONVERSION = YES;
				CLANG_WARN_INT_CONVERSION = YES;
				CLANG_WARN_OBJC_ROOT_CLASS = YES_ERROR;
				CLANG_WARN_UNREACHABLE_CODE = YES;
				CLANG_WARN__DUPLICATE_METHOD_MATCH = YES;
				"CODE_SIGN_IDENTITY[sdk=iphoneos*]" = "iPhone Developer";
				COPY_PHASE_STRIP = YES;
				ENABLE_NS_ASSERTIONS = NO;
				ENABLE_STRICT_OBJC_MSGSEND = YES;
				GCC_C_LANGUAGE_STANDARD = gnu99;
				GCC_WARN_64_TO_32_BIT_CONVERSION = YES;
				GCC_WARN_ABOUT_RETURN_TYPE = YES_ERROR;
				GCC_WARN_UNDECLARED_SELECTOR = YES;
				GCC_WARN_UNINITIALIZED_AUTOS = YES_AGGRESSIVE;
				GCC_WARN_UNUSED_FUNCTION = YES;
				GCC_WARN_UNUSED_VARIABLE = YES;
				IPHONEOS_DEPLOYMENT_TARGET = 8.0;
				MTL_ENABLE_DEBUG_INFO = NO;
				SDKROOT = iphoneos;
				VALIDATE_PRODUCT = YES;
			};
			name = Release;
		};
		1B472A281A2EBA6C00F17D51 /* Debug */ = {
			isa = XCBuildConfiguration;
			buildSettings = {
				ASSETCATALOG_COMPILER_APPICON_NAME = AppIcon;
				INFOPLIST_FILE = GrowingTextView/Info.plist;
				LD_RUNPATH_SEARCH_PATHS = "$(inherited) @executable_path/Frameworks";
				PRODUCT_NAME = "$(TARGET_NAME)";
			};
			name = Debug;
		};
		1B472A291A2EBA6C00F17D51 /* Release */ = {
			isa = XCBuildConfiguration;
			buildSettings = {
				ASSETCATALOG_COMPILER_APPICON_NAME = AppIcon;
				INFOPLIST_FILE = GrowingTextView/Info.plist;
				LD_RUNPATH_SEARCH_PATHS = "$(inherited) @executable_path/Frameworks";
				PRODUCT_NAME = "$(TARGET_NAME)";
			};
			name = Release;
		};
		1B472A2B1A2EBA6C00F17D51 /* Debug */ = {
			isa = XCBuildConfiguration;
			buildSettings = {
				BUNDLE_LOADER = "$(TEST_HOST)";
				FRAMEWORK_SEARCH_PATHS = (
					"$(SDKROOT)/Developer/Library/Frameworks",
					"$(inherited)",
				);
				GCC_PREPROCESSOR_DEFINITIONS = (
					"DEBUG=1",
					"$(inherited)",
				);
				INFOPLIST_FILE = GrowingTextViewTests/Info.plist;
				LD_RUNPATH_SEARCH_PATHS = "$(inherited) @executable_path/Frameworks @loader_path/Frameworks";
				PRODUCT_NAME = "$(TARGET_NAME)";
				TEST_HOST = "$(BUILT_PRODUCTS_DIR)/GrowingTextView.app/GrowingTextView";
			};
			name = Debug;
		};
		1B472A2C1A2EBA6C00F17D51 /* Release */ = {
			isa = XCBuildConfiguration;
			buildSettings = {
				BUNDLE_LOADER = "$(TEST_HOST)";
				FRAMEWORK_SEARCH_PATHS = (
					"$(SDKROOT)/Developer/Library/Frameworks",
					"$(inherited)",
				);
				INFOPLIST_FILE = GrowingTextViewTests/Info.plist;
				LD_RUNPATH_SEARCH_PATHS = "$(inherited) @executable_path/Frameworks @loader_path/Frameworks";
				PRODUCT_NAME = "$(TARGET_NAME)";
				TEST_HOST = "$(BUILT_PRODUCTS_DIR)/GrowingTextView.app/GrowingTextView";
			};
			name = Release;
		};
/* End XCBuildConfiguration section */

/* Begin XCConfigurationList section */
		1B4729FC1A2EBA6C00F17D51 /* Build configuration list for PBXProject "GrowingTextView" */ = {
			isa = XCConfigurationList;
			buildConfigurations = (
				1B472A251A2EBA6C00F17D51 /* Debug */,
				1B472A261A2EBA6C00F17D51 /* Release */,
			);
			defaultConfigurationIsVisible = 0;
			defaultConfigurationName = Release;
		};
		1B472A271A2EBA6C00F17D51 /* Build configuration list for PBXNativeTarget "GrowingTextView" */ = {
			isa = XCConfigurationList;
			buildConfigurations = (
				1B472A281A2EBA6C00F17D51 /* Debug */,
				1B472A291A2EBA6C00F17D51 /* Release */,
			);
			defaultConfigurationIsVisible = 0;
		};
		1B472A2A1A2EBA6C00F17D51 /* Build configuration list for PBXNativeTarget "GrowingTextViewTests" */ = {
			isa = XCConfigurationList;
			buildConfigurations = (
				1B472A2B1A2EBA6C00F17D51 /* Debug */,
				1B472A2C1A2EBA6C00F17D51 /* Release */,
			);
			defaultConfigurationIsVisible = 0;
		};
/* End XCConfigurationList section */

/* Begin XCVersionGroup section */
		1B472A0B1A2EBA6C00F17D51 /* GrowingTextView.xcdatamodeld */ = {
			isa = XCVersionGroup;
			children = (
				1B472A0C1A2EBA6C00F17D51 /* GrowingTextView.xcdatamodel */,
			);
			currentVersion = 1B472A0C1A2EBA6C00F17D51 /* GrowingTextView.xcdatamodel */;
			path = GrowingTextView.xcdatamodeld;
			sourceTree = "<group>";
			versionGroupType = wrapper.xcdatamodel;
		};
/* End XCVersionGroup section */
	};
	rootObject = 1B4729F91A2EBA6C00F17D51 /* Project object */;
}
