// !$*UTF8*$!
{
	archiveVersion = 1;
	classes = {
	};
	objectVersion = 46;
	objects = {

/* Begin PBXBuildFile section */
		1B161ADF1913672E00B86F00 /* image.jpg in Resources */ = {isa = PBXBuildFile; fileRef = 1B161ADE1913672E00B86F00 /* image.jpg */; };
		1B9F3DF11913401100FC062D /* Foundation.framework in Frameworks */ = {isa = PBXBuildFile; fileRef = 1B9F3DF01913401100FC062D /* Foundation.framework */; };
		1B9F3DF31913401100FC062D /* CoreGraphics.framework in Frameworks */ = {isa = PBXBuildFile; fileRef = 1B9F3DF21913401100FC062D /* CoreGraphics.framework */; };
		1B9F3DF51913401100FC062D /* UIKit.framework in Frameworks */ = {isa = PBXBuildFile; fileRef = 1B9F3DF41913401100FC062D /* UIKit.framework */; };
		1B9F3DFB1913401100FC062D /* InfoPlist.strings in Resources */ = {isa = PBXBuildFile; fileRef = 1B9F3DF91913401100FC062D /* InfoPlist.strings */; };
		1B9F3DFD1913401100FC062D /* main.m in Sources */ = {isa = PBXBuildFile; fileRef = 1B9F3DFC1913401100FC062D /* main.m */; };
		1B9F3E011913401100FC062D /* SimpleTableAppDelegate.m in Sources */ = {isa = PBXBuildFile; fileRef = 1B9F3E001913401100FC062D /* SimpleTableAppDelegate.m */; };
		1B9F3E041913401100FC062D /* Main.storyboard in Resources */ = {isa = PBXBuildFile; fileRef = 1B9F3E021913401100FC062D /* Main.storyboard */; };
		1B9F3E071913401100FC062D /* SimpleTableViewController.m in Sources */ = {isa = PBXBuildFile; fileRef = 1B9F3E061913401100FC062D /* SimpleTableViewController.m */; };
		1B9F3E091913401100FC062D /* Images.xcassets in Resources */ = {isa = PBXBuildFile; fileRef = 1B9F3E081913401100FC062D /* Images.xcassets */; };
		1B9F3E101913401100FC062D /* XCTest.framework in Frameworks */ = {isa = PBXBuildFile; fileRef = 1B9F3E0F1913401100FC062D /* XCTest.framework */; };
		1B9F3E111913401100FC062D /* Foundation.framework in Frameworks */ = {isa = PBXBuildFile; fileRef = 1B9F3DF01913401100FC062D /* Foundation.framework */; };
		1B9F3E121913401100FC062D /* UIKit.framework in Frameworks */ = {isa = PBXBuildFile; fileRef = 1B9F3DF41913401100FC062D /* UIKit.framework */; };
		1B9F3E1A1913401100FC062D /* InfoPlist.strings in Resources */ = {isa = PBXBuildFile; fileRef = 1B9F3E181913401100FC062D /* InfoPlist.strings */; };
		1B9F3E1C1913401100FC062D /* SimpleTableTests.m in Sources */ = {isa = PBXBuildFile; fileRef = 1B9F3E1B1913401100FC062D /* SimpleTableTests.m */; };
/* End PBXBuildFile section */

/* Begin PBXContainerItemProxy section */
		1B9F3E131913401100FC062D /* PBXContainerItemProxy */ = {
			isa = PBXContainerItemProxy;
			containerPortal = 1B9F3DE51913401100FC062D /* Project object */;
			proxyType = 1;
			remoteGlobalIDString = 1B9F3DEC1913401100FC062D;
			remoteInfo = SimpleTable;
		};
/* End PBXContainerItemProxy section */

/* Begin PBXFileReference section */
		1B161ADE1913672E00B86F00 /* image.jpg */ = {isa = PBXFileReference; lastKnownFileType = image.jpeg; path = image.jpg; sourceTree = "<group>"; };
		1B9F3DED1913401100FC062D /* SimpleTable.app */ = {isa = PBXFileReference; explicitFileType = wrapper.application; includeInIndex = 0; path = SimpleTable.app; sourceTree = BUILT_PRODUCTS_DIR; };
		1B9F3DF01913401100FC062D /* Foundation.framework */ = {isa = PBXFileReference; lastKnownFileType = wrapper.framework; name = Foundation.framework; path = System/Library/Frameworks/Foundation.framework; sourceTree = SDKROOT; };
		1B9F3DF21913401100FC062D /* CoreGraphics.framework */ = {isa = PBXFileReference; lastKnownFileType = wrapper.framework; name = CoreGraphics.framework; path = System/Library/Frameworks/CoreGraphics.framework; sourceTree = SDKROOT; };
		1B9F3DF41913401100FC062D /* UIKit.framework */ = {isa = PBXFileReference; lastKnownFileType = wrapper.framework; name = UIKit.framework; path = System/Library/Frameworks/UIKit.framework; sourceTree = SDKROOT; };
		1B9F3DF81913401100FC062D /* SimpleTable-Info.plist */ = {isa = PBXFileReference; lastKnownFileType = text.plist.xml; path = "SimpleTable-Info.plist"; sourceTree = "<group>"; };
		1B9F3DFA1913401100FC062D /* en */ = {isa = PBXFileReference; lastKnownFileType = text.plist.strings; name = en; path = en.lproj/InfoPlist.strings; sourceTree = "<group>"; };
		1B9F3DFC1913401100FC062D /* main.m */ = {isa = PBXFileReference; lastKnownFileType = sourcecode.c.objc; path = main.m; sourceTree = "<group>"; };
		1B9F3DFE1913401100FC062D /* SimpleTable-Prefix.pch */ = {isa = PBXFileReference; lastKnownFileType = sourcecode.c.h; path = "SimpleTable-Prefix.pch"; sourceTree = "<group>"; };
		1B9F3DFF1913401100FC062D /* SimpleTableAppDelegate.h */ = {isa = PBXFileReference; lastKnownFileType = sourcecode.c.h; path = SimpleTableAppDelegate.h; sourceTree = "<group>"; };
		1B9F3E001913401100FC062D /* SimpleTableAppDelegate.m */ = {isa = PBXFileReference; lastKnownFileType = sourcecode.c.objc; path = SimpleTableAppDelegate.m; sourceTree = "<group>"; };
		1B9F3E031913401100FC062D /* Base */ = {isa = PBXFileReference; lastKnownFileType = file.storyboard; name = Base; path = Base.lproj/Main.storyboard; sourceTree = "<group>"; };
		1B9F3E051913401100FC062D /* SimpleTableViewController.h */ = {isa = PBXFileReference; lastKnownFileType = sourcecode.c.h; path = SimpleTableViewController.h; sourceTree = "<group>"; };
		1B9F3E061913401100FC062D /* SimpleTableViewController.m */ = {isa = PBXFileReference; lastKnownFileType = sourcecode.c.objc; path = SimpleTableViewController.m; sourceTree = "<group>"; };
		1B9F3E081913401100FC062D /* Images.xcassets */ = {isa = PBXFileReference; lastKnownFileType = folder.assetcatalog; path = Images.xcassets; sourceTree = "<group>"; };
		1B9F3E0E1913401100FC062D /* SimpleTableTests.xctest */ = {isa = PBXFileReference; explicitFileType = wrapper.cfbundle; includeInIndex = 0; path = SimpleTableTests.xctest; sourceTree = BUILT_PRODUCTS_DIR; };
		1B9F3E0F1913401100FC062D /* XCTest.framework */ = {isa = PBXFileReference; lastKnownFileType = wrapper.framework; name = XCTest.framework; path = Library/Frameworks/XCTest.framework; sourceTree = DEVELOPER_DIR; };
		1B9F3E171913401100FC062D /* SimpleTableTests-Info.plist */ = {isa = PBXFileReference; lastKnownFileType = text.plist.xml; path = "SimpleTableTests-Info.plist"; sourceTree = "<group>"; };
		1B9F3E191913401100FC062D /* en */ = {isa = PBXFileReference; lastKnownFileType = text.plist.strings; name = en; path = en.lproj/InfoPlist.strings; sourceTree = "<group>"; };
		1B9F3E1B1913401100FC062D /* SimpleTableTests.m */ = {isa = PBXFileReference; lastKnownFileType = sourcecode.c.objc; path = SimpleTableTests.m; sourceTree = "<group>"; };
/* End PBXFileReference section */

/* Begin PBXFrameworksBuildPhase section */
		1B9F3DEA1913401100FC062D /* Frameworks */ = {
			isa = PBXFrameworksBuildPhase;
			buildActionMask = 2147483647;
			files = (
				1B9F3DF31913401100FC062D /* CoreGraphics.framework in Frameworks */,
				1B9F3DF51913401100FC062D /* UIKit.framework in Frameworks */,
				1B9F3DF11913401100FC062D /* Foundation.framework in Frameworks */,
			);
			runOnlyForDeploymentPostprocessing = 0;
		};
		1B9F3E0B1913401100FC062D /* Frameworks */ = {
			isa = PBXFrameworksBuildPhase;
			buildActionMask = 2147483647;
			files = (
				1B9F3E101913401100FC062D /* XCTest.framework in Frameworks */,
				1B9F3E121913401100FC062D /* UIKit.framework in Frameworks */,
				1B9F3E111913401100FC062D /* Foundation.framework in Frameworks */,
			);
			runOnlyForDeploymentPostprocessing = 0;
		};
/* End PBXFrameworksBuildPhase section */

/* Begin PBXGroup section */
		1B9F3DE41913401100FC062D = {
			isa = PBXGroup;
			children = (
				1B9F3DF61913401100FC062D /* SimpleTable */,
				1B9F3E151913401100FC062D /* SimpleTableTests */,
				1B9F3DEF1913401100FC062D /* Frameworks */,
				1B9F3DEE1913401100FC062D /* Products */,
			);
			sourceTree = "<group>";
		};
		1B9F3DEE1913401100FC062D /* Products */ = {
			isa = PBXGroup;
			children = (
				1B9F3DED1913401100FC062D /* SimpleTable.app */,
				1B9F3E0E1913401100FC062D /* SimpleTableTests.xctest */,
			);
			name = Products;
			sourceTree = "<group>";
		};
		1B9F3DEF1913401100FC062D /* Frameworks */ = {
			isa = PBXGroup;
			children = (
				1B9F3DF01913401100FC062D /* Foundation.framework */,
				1B9F3DF21913401100FC062D /* CoreGraphics.framework */,
				1B9F3DF41913401100FC062D /* UIKit.framework */,
				1B9F3E0F1913401100FC062D /* XCTest.framework */,
			);
			name = Frameworks;
			sourceTree = "<group>";
		};
		1B9F3DF61913401100FC062D /* SimpleTable */ = {
			isa = PBXGroup;
			children = (
				1B161ADE1913672E00B86F00 /* image.jpg */,
				1B9F3DFF1913401100FC062D /* SimpleTableAppDelegate.h */,
				1B9F3E001913401100FC062D /* SimpleTableAppDelegate.m */,
				1B9F3E021913401100FC062D /* Main.storyboard */,
				1B9F3E051913401100FC062D /* SimpleTableViewController.h */,
				1B9F3E061913401100FC062D /* SimpleTableViewController.m */,
				1B9F3E081913401100FC062D /* Images.xcassets */,
				1B9F3DF71913401100FC062D /* Supporting Files */,
			);
			path = SimpleTable;
			sourceTree = "<group>";
		};
		1B9F3DF71913401100FC062D /* Supporting Files */ = {
			isa = PBXGroup;
			children = (
				1B9F3DF81913401100FC062D /* SimpleTable-Info.plist */,
				1B9F3DF91913401100FC062D /* InfoPlist.strings */,
				1B9F3DFC1913401100FC062D /* main.m */,
				1B9F3DFE1913401100FC062D /* SimpleTable-Prefix.pch */,
			);
			name = "Supporting Files";
			sourceTree = "<group>";
		};
		1B9F3E151913401100FC062D /* SimpleTableTests */ = {
			isa = PBXGroup;
			children = (
				1B9F3E1B1913401100FC062D /* SimpleTableTests.m */,
				1B9F3E161913401100FC062D /* Supporting Files */,
			);
			path = SimpleTableTests;
			sourceTree = "<group>";
		};
		1B9F3E161913401100FC062D /* Supporting Files */ = {
			isa = PBXGroup;
			children = (
				1B9F3E171913401100FC062D /* SimpleTableTests-Info.plist */,
				1B9F3E181913401100FC062D /* InfoPlist.strings */,
			);
			name = "Supporting Files";
			sourceTree = "<group>";
		};
/* End PBXGroup section */

/* Begin PBXNativeTarget section */
		1B9F3DEC1913401100FC062D /* SimpleTable */ = {
			isa = PBXNativeTarget;
			buildConfigurationList = 1B9F3E1F1913401100FC062D /* Build configuration list for PBXNativeTarget "SimpleTable" */;
			buildPhases = (
				1B9F3DE91913401100FC062D /* Sources */,
				1B9F3DEA1913401100FC062D /* Frameworks */,
				1B9F3DEB1913401100FC062D /* Resources */,
			);
			buildRules = (
			);
			dependencies = (
			);
			name = SimpleTable;
			productName = SimpleTable;
			productReference = 1B9F3DED1913401100FC062D /* SimpleTable.app */;
			productType = "com.apple.product-type.application";
		};
		1B9F3E0D1913401100FC062D /* SimpleTableTests */ = {
			isa = PBXNativeTarget;
			buildConfigurationList = 1B9F3E221913401100FC062D /* Build configuration list for PBXNativeTarget "SimpleTableTests" */;
			buildPhases = (
				1B9F3E0A1913401100FC062D /* Sources */,
				1B9F3E0B1913401100FC062D /* Frameworks */,
				1B9F3E0C1913401100FC062D /* Resources */,
			);
			buildRules = (
			);
			dependencies = (
				1B9F3E141913401100FC062D /* PBXTargetDependency */,
			);
			name = SimpleTableTests;
			productName = SimpleTableTests;
			productReference = 1B9F3E0E1913401100FC062D /* SimpleTableTests.xctest */;
			productType = "com.apple.product-type.bundle.unit-test";
		};
/* End PBXNativeTarget section */

/* Begin PBXProject section */
		1B9F3DE51913401100FC062D /* Project object */ = {
			isa = PBXProject;
			attributes = {
				CLASSPREFIX = SimpleTable;
				LastUpgradeCheck = 0510;
				ORGANIZATIONNAME = "___FULLUSERNAME___";
				TargetAttributes = {
					1B9F3E0D1913401100FC062D = {
						TestTargetID = 1B9F3DEC1913401100FC062D;
					};
				};
			};
			buildConfigurationList = 1B9F3DE81913401100FC062D /* Build configuration list for PBXProject "SimpleTable" */;
			compatibilityVersion = "Xcode 3.2";
			developmentRegion = English;
			hasScannedForEncodings = 0;
			knownRegions = (
				en,
				Base,
			);
			mainGroup = 1B9F3DE41913401100FC062D;
			productRefGroup = 1B9F3DEE1913401100FC062D /* Products */;
			projectDirPath = "";
			projectRoot = "";
			targets = (
				1B9F3DEC1913401100FC062D /* SimpleTable */,
				1B9F3E0D1913401100FC062D /* SimpleTableTests */,
			);
		};
/* End PBXProject section */

/* Begin PBXResourcesBuildPhase section */
		1B9F3DEB1913401100FC062D /* Resources */ = {
			isa = PBXResourcesBuildPhase;
			buildActionMask = 2147483647;
			files = (
				1B9F3E091913401100FC062D /* Images.xcassets in Resources */,
				1B9F3DFB1913401100FC062D /* InfoPlist.strings in Resources */,
				1B9F3E041913401100FC062D /* Main.storyboard in Resources */,
				1B161ADF1913672E00B86F00 /* image.jpg in Resources */,
			);
			runOnlyForDeploymentPostprocessing = 0;
		};
		1B9F3E0C1913401100FC062D /* Resources */ = {
			isa = PBXResourcesBuildPhase;
			buildActionMask = 2147483647;
			files = (
				1B9F3E1A1913401100FC062D /* InfoPlist.strings in Resources */,
			);
			runOnlyForDeploymentPostprocessing = 0;
		};
/* End PBXResourcesBuildPhase section */

/* Begin PBXSourcesBuildPhase section */
		1B9F3DE91913401100FC062D /* Sources */ = {
			isa = PBXSourcesBuildPhase;
			buildActionMask = 2147483647;
			files = (
				1B9F3DFD1913401100FC062D /* main.m in Sources */,
				1B9F3E011913401100FC062D /* SimpleTableAppDelegate.m in Sources */,
				1B9F3E071913401100FC062D /* SimpleTableViewController.m in Sources */,
			);
			runOnlyForDeploymentPostprocessing = 0;
		};
		1B9F3E0A1913401100FC062D /* Sources */ = {
			isa = PBXSourcesBuildPhase;
			buildActionMask = 2147483647;
			files = (
				1B9F3E1C1913401100FC062D /* SimpleTableTests.m in Sources */,
			);
			runOnlyForDeploymentPostprocessing = 0;
		};
/* End PBXSourcesBuildPhase section */

/* Begin PBXTargetDependency section */
		1B9F3E141913401100FC062D /* PBXTargetDependency */ = {
			isa = PBXTargetDependency;
			target = 1B9F3DEC1913401100FC062D /* SimpleTable */;
			targetProxy = 1B9F3E131913401100FC062D /* PBXContainerItemProxy */;
		};
/* End PBXTargetDependency section */

/* Begin PBXVariantGroup section */
		1B9F3DF91913401100FC062D /* InfoPlist.strings */ = {
			isa = PBXVariantGroup;
			children = (
				1B9F3DFA1913401100FC062D /* en */,
			);
			name = InfoPlist.strings;
			sourceTree = "<group>";
		};
		1B9F3E021913401100FC062D /* Main.storyboard */ = {
			isa = PBXVariantGroup;
			children = (
				1B9F3E031913401100FC062D /* Base */,
			);
			name = Main.storyboard;
			sourceTree = "<group>";
		};
		1B9F3E181913401100FC062D /* InfoPlist.strings */ = {
			isa = PBXVariantGroup;
			children = (
				1B9F3E191913401100FC062D /* en */,
			);
			name = InfoPlist.strings;
			sourceTree = "<group>";
		};
/* End PBXVariantGroup section */

/* Begin XCBuildConfiguration section */
		1B9F3E1D1913401100FC062D /* Debug */ = {
			isa = XCBuildConfiguration;
			buildSettings = {
				ALWAYS_SEARCH_USER_PATHS = NO;
				CLANG_CXX_LANGUAGE_STANDARD = "gnu++0x";
				CLANG_CXX_LIBRARY = "libc++";
				CLANG_ENABLE_MODULES = YES;
				CLANG_ENABLE_OBJC_ARC = YES;
				CLANG_WARN_BOOL_CONVERSION = YES;
				CLANG_WARN_CONSTANT_CONVERSION = YES;
				CLANG_WARN_DIRECT_OBJC_ISA_USAGE = YES_ERROR;
				CLANG_WARN_EMPTY_BODY = YES;
				CLANG_WARN_ENUM_CONVERSION = YES;
				CLANG_WARN_INT_CONVERSION = YES;
				CLANG_WARN_OBJC_ROOT_CLASS = YES_ERROR;
				CLANG_WARN__DUPLICATE_METHOD_MATCH = YES;
				"CODE_SIGN_IDENTITY[sdk=iphoneos*]" = "iPhone Developer";
				COPY_PHASE_STRIP = NO;
				GCC_C_LANGUAGE_STANDARD = gnu99;
				GCC_DYNAMIC_NO_PIC = NO;
				GCC_OPTIMIZATION_LEVEL = 0;
				GCC_PREPROCESSOR_DEFINITIONS = (
					"DEBUG=1",
					"$(inherited)",
				);
				GCC_SYMBOLS_PRIVATE_EXTERN = NO;
				GCC_WARN_64_TO_32_BIT_CONVERSION = YES;
				GCC_WARN_ABOUT_RETURN_TYPE = YES_ERROR;
				GCC_WARN_UNDECLARED_SELECTOR = YES;
				GCC_WARN_UNINITIALIZED_AUTOS = YES_AGGRESSIVE;
				GCC_WARN_UNUSED_FUNCTION = YES;
				GCC_WARN_UNUSED_VARIABLE = YES;
				IPHONEOS_DEPLOYMENT_TARGET = 7.1;
				ONLY_ACTIVE_ARCH = YES;
				SDKROOT = iphoneos;
			};
			name = Debug;
		};
		1B9F3E1E1913401100FC062D /* Release */ = {
			isa = XCBuildConfiguration;
			buildSettings = {
				ALWAYS_SEARCH_USER_PATHS = NO;
				CLANG_CXX_LANGUAGE_STANDARD = "gnu++0x";
				CLANG_CXX_LIBRARY = "libc++";
				CLANG_ENABLE_MODULES = YES;
				CLANG_ENABLE_OBJC_ARC = YES;
				CLANG_WARN_BOOL_CONVERSION = YES;
				CLANG_WARN_CONSTANT_CONVERSION = YES;
				CLANG_WARN_DIRECT_OBJC_ISA_USAGE = YES_ERROR;
				CLANG_WARN_EMPTY_BODY = YES;
				CLANG_WARN_ENUM_CONVERSION = YES;
				CLANG_WARN_INT_CONVERSION = YES;
				CLANG_WARN_OBJC_ROOT_CLASS = YES_ERROR;
				CLANG_WARN__DUPLICATE_METHOD_MATCH = YES;
				"CODE_SIGN_IDENTITY[sdk=iphoneos*]" = "iPhone Developer";
				COPY_PHASE_STRIP = YES;
				ENABLE_NS_ASSERTIONS = NO;
				GCC_C_LANGUAGE_STANDARD = gnu99;
				GCC_WARN_64_TO_32_BIT_CONVERSION = YES;
				GCC_WARN_ABOUT_RETURN_TYPE = YES_ERROR;
				GCC_WARN_UNDECLARED_SELECTOR = YES;
				GCC_WARN_UNINITIALIZED_AUTOS = YES_AGGRESSIVE;
				GCC_WARN_UNUSED_FUNCTION = YES;
				GCC_WARN_UNUSED_VARIABLE = YES;
				IPHONEOS_DEPLOYMENT_TARGET = 7.1;
				SDKROOT = iphoneos;
				VALIDATE_PRODUCT = YES;
			};
			name = Release;
		};
		1B9F3E201913401100FC062D /* Debug */ = {
			isa = XCBuildConfiguration;
			buildSettings = {
				ASSETCATALOG_COMPILER_APPICON_NAME = AppIcon;
				ASSETCATALOG_COMPILER_LAUNCHIMAGE_NAME = LaunchImage;
				GCC_PRECOMPILE_PREFIX_HEADER = YES;
				GCC_PREFIX_HEADER = "SimpleTable/SimpleTable-Prefix.pch";
				INFOPLIST_FILE = "SimpleTable/SimpleTable-Info.plist";
				PRODUCT_NAME = "$(TARGET_NAME)";
				WRAPPER_EXTENSION = app;
			};
			name = Debug;
		};
		1B9F3E211913401100FC062D /* Release */ = {
			isa = XCBuildConfiguration;
			buildSettings = {
				ASSETCATALOG_COMPILER_APPICON_NAME = AppIcon;
				ASSETCATALOG_COMPILER_LAUNCHIMAGE_NAME = LaunchImage;
				GCC_PRECOMPILE_PREFIX_HEADER = YES;
				GCC_PREFIX_HEADER = "SimpleTable/SimpleTable-Prefix.pch";
				INFOPLIST_FILE = "SimpleTable/SimpleTable-Info.plist";
				PRODUCT_NAME = "$(TARGET_NAME)";
				WRAPPER_EXTENSION = app;
			};
			name = Release;
		};
		1B9F3E231913401100FC062D /* Debug */ = {
			isa = XCBuildConfiguration;
			buildSettings = {
				BUNDLE_LOADER = "$(BUILT_PRODUCTS_DIR)/SimpleTable.app/SimpleTable";
				FRAMEWORK_SEARCH_PATHS = (
					"$(SDKROOT)/Developer/Library/Frameworks",
					"$(inherited)",
					"$(DEVELOPER_FRAMEWORKS_DIR)",
				);
				GCC_PRECOMPILE_PREFIX_HEADER = YES;
				GCC_PREFIX_HEADER = "SimpleTable/SimpleTable-Prefix.pch";
				GCC_PREPROCESSOR_DEFINITIONS = (
					"DEBUG=1",
					"$(inherited)",
				);
				INFOPLIST_FILE = "SimpleTableTests/SimpleTableTests-Info.plist";
				PRODUCT_NAME = "$(TARGET_NAME)";
				TEST_HOST = "$(BUNDLE_LOADER)";
				WRAPPER_EXTENSION = xctest;
			};
			name = Debug;
		};
		1B9F3E241913401100FC062D /* Release */ = {
			isa = XCBuildConfiguration;
			buildSettings = {
				BUNDLE_LOADER = "$(BUILT_PRODUCTS_DIR)/SimpleTable.app/SimpleTable";
				FRAMEWORK_SEARCH_PATHS = (
					"$(SDKROOT)/Developer/Library/Frameworks",
					"$(inherited)",
					"$(DEVELOPER_FRAMEWORKS_DIR)",
				);
				GCC_PRECOMPILE_PREFIX_HEADER = YES;
				GCC_PREFIX_HEADER = "SimpleTable/SimpleTable-Prefix.pch";
				INFOPLIST_FILE = "SimpleTableTests/SimpleTableTests-Info.plist";
				PRODUCT_NAME = "$(TARGET_NAME)";
				TEST_HOST = "$(BUNDLE_LOADER)";
				WRAPPER_EXTENSION = xctest;
			};
			name = Release;
		};
/* End XCBuildConfiguration section */

/* Begin XCConfigurationList section */
		1B9F3DE81913401100FC062D /* Build configuration list for PBXProject "SimpleTable" */ = {
			isa = XCConfigurationList;
			buildConfigurations = (
				1B9F3E1D1913401100FC062D /* Debug */,
				1B9F3E1E1913401100FC062D /* Release */,
			);
			defaultConfigurationIsVisible = 0;
			defaultConfigurationName = Release;
		};
		1B9F3E1F1913401100FC062D /* Build configuration list for PBXNativeTarget "SimpleTable" */ = {
			isa = XCConfigurationList;
			buildConfigurations = (
				1B9F3E201913401100FC062D /* Debug */,
				1B9F3E211913401100FC062D /* Release */,
			);
			defaultConfigurationIsVisible = 0;
			defaultConfigurationName = Release;
		};
		1B9F3E221913401100FC062D /* Build configuration list for PBXNativeTarget "SimpleTableTests" */ = {
			isa = XCConfigurationList;
			buildConfigurations = (
				1B9F3E231913401100FC062D /* Debug */,
				1B9F3E241913401100FC062D /* Release */,
			);
			defaultConfigurationIsVisible = 0;
			defaultConfigurationName = Release;
		};
/* End XCConfigurationList section */
	};
	rootObject = 1B9F3DE51913401100FC062D /* Project object */;
}
