// !$*UTF8*$!
{
	archiveVersion = 1;
	classes = {
	};
	objectVersion = 46;
	objects = {

/* Begin PBXBuildFile section */
		181B23AF191A0EB9003CE058 /* Foundation.framework in Frameworks */ = {isa = PBXBuildFile; fileRef = 181B23AE191A0EB9003CE058 /* Foundation.framework */; };
		181B23B1191A0EB9003CE058 /* CoreGraphics.framework in Frameworks */ = {isa = PBXBuildFile; fileRef = 181B23B0191A0EB9003CE058 /* CoreGraphics.framework */; };
		181B23B3191A0EB9003CE058 /* UIKit.framework in Frameworks */ = {isa = PBXBuildFile; fileRef = 181B23B2191A0EB9003CE058 /* UIKit.framework */; };
		181B23B9191A0EB9003CE058 /* InfoPlist.strings in Resources */ = {isa = PBXBuildFile; fileRef = 181B23B7191A0EB9003CE058 /* InfoPlist.strings */; };
		181B23BB191A0EB9003CE058 /* main.m in Sources */ = {isa = PBXBuildFile; fileRef = 181B23BA191A0EB9003CE058 /* main.m */; };
		181B23BF191A0EB9003CE058 /* AppDelegate.m in Sources */ = {isa = PBXBuildFile; fileRef = 181B23BE191A0EB9003CE058 /* AppDelegate.m */; };
		181B23C1191A0EB9003CE058 /* Images.xcassets in Resources */ = {isa = PBXBuildFile; fileRef = 181B23C0191A0EB9003CE058 /* Images.xcassets */; };
		181B23C8191A0EB9003CE058 /* XCTest.framework in Frameworks */ = {isa = PBXBuildFile; fileRef = 181B23C7191A0EB9003CE058 /* XCTest.framework */; };
		181B23C9191A0EB9003CE058 /* Foundation.framework in Frameworks */ = {isa = PBXBuildFile; fileRef = 181B23AE191A0EB9003CE058 /* Foundation.framework */; };
		181B23CA191A0EB9003CE058 /* UIKit.framework in Frameworks */ = {isa = PBXBuildFile; fileRef = 181B23B2191A0EB9003CE058 /* UIKit.framework */; };
		181B23D2191A0EB9003CE058 /* InfoPlist.strings in Resources */ = {isa = PBXBuildFile; fileRef = 181B23D0191A0EB9003CE058 /* InfoPlist.strings */; };
		181B23D4191A0EB9003CE058 /* groupTableViewTests.m in Sources */ = {isa = PBXBuildFile; fileRef = 181B23D3191A0EB9003CE058 /* groupTableViewTests.m */; };
		181B23E5191A0F08003CE058 /* ViewController.m in Sources */ = {isa = PBXBuildFile; fileRef = 181B23E3191A0F08003CE058 /* ViewController.m */; };
		181B23E6191A0F08003CE058 /* ViewController.xib in Resources */ = {isa = PBXBuildFile; fileRef = 181B23E4191A0F08003CE058 /* ViewController.xib */; };
		1B01AF781941992C00E597FD /* RadioButton.m in Sources */ = {isa = PBXBuildFile; fileRef = 1B01AF771941992C00E597FD /* RadioButton.m */; };
		1B2A712919499B1000F439DE /* RadioButton-Selected.png in Resources */ = {isa = PBXBuildFile; fileRef = 1B2A712519499B1000F439DE /* RadioButton-Selected.png */; };
		1B2A712A19499B1000F439DE /* RadioButton-Selected@2x.png in Resources */ = {isa = PBXBuildFile; fileRef = 1B2A712619499B1000F439DE /* RadioButton-Selected@2x.png */; };
		1B2A712B19499B1000F439DE /* RadioButton-Unselected.png in Resources */ = {isa = PBXBuildFile; fileRef = 1B2A712719499B1000F439DE /* RadioButton-Unselected.png */; };
		1B2A712C19499B1000F439DE /* RadioButton-Unselected@2x.png in Resources */ = {isa = PBXBuildFile; fileRef = 1B2A712819499B1000F439DE /* RadioButton-Unselected@2x.png */; };
		1BA271BD191A12E90070BE06 /* recipes.plist in Resources */ = {isa = PBXBuildFile; fileRef = 1BA271BC191A12E90070BE06 /* recipes.plist */; };
/* End PBXBuildFile section */

/* Begin PBXContainerItemProxy section */
		181B23CB191A0EB9003CE058 /* PBXContainerItemProxy */ = {
			isa = PBXContainerItemProxy;
			containerPortal = 181B23A3191A0EB9003CE058 /* Project object */;
			proxyType = 1;
			remoteGlobalIDString = 181B23AA191A0EB9003CE058;
			remoteInfo = groupTableView;
		};
/* End PBXContainerItemProxy section */

/* Begin PBXFileReference section */
		181B23AB191A0EB9003CE058 /* groupTableView.app */ = {isa = PBXFileReference; explicitFileType = wrapper.application; includeInIndex = 0; path = groupTableView.app; sourceTree = BUILT_PRODUCTS_DIR; };
		181B23AE191A0EB9003CE058 /* Foundation.framework */ = {isa = PBXFileReference; lastKnownFileType = wrapper.framework; name = Foundation.framework; path = System/Library/Frameworks/Foundation.framework; sourceTree = SDKROOT; };
		181B23B0191A0EB9003CE058 /* CoreGraphics.framework */ = {isa = PBXFileReference; lastKnownFileType = wrapper.framework; name = CoreGraphics.framework; path = System/Library/Frameworks/CoreGraphics.framework; sourceTree = SDKROOT; };
		181B23B2191A0EB9003CE058 /* UIKit.framework */ = {isa = PBXFileReference; lastKnownFileType = wrapper.framework; name = UIKit.framework; path = System/Library/Frameworks/UIKit.framework; sourceTree = SDKROOT; };
		181B23B6191A0EB9003CE058 /* groupTableView-Info.plist */ = {isa = PBXFileReference; lastKnownFileType = text.plist.xml; path = "groupTableView-Info.plist"; sourceTree = "<group>"; };
		181B23B8191A0EB9003CE058 /* en */ = {isa = PBXFileReference; lastKnownFileType = text.plist.strings; name = en; path = en.lproj/InfoPlist.strings; sourceTree = "<group>"; };
		181B23BA191A0EB9003CE058 /* main.m */ = {isa = PBXFileReference; lastKnownFileType = sourcecode.c.objc; path = main.m; sourceTree = "<group>"; };
		181B23BC191A0EB9003CE058 /* groupTableView-Prefix.pch */ = {isa = PBXFileReference; lastKnownFileType = sourcecode.c.h; path = "groupTableView-Prefix.pch"; sourceTree = "<group>"; };
		181B23BD191A0EB9003CE058 /* AppDelegate.h */ = {isa = PBXFileReference; lastKnownFileType = sourcecode.c.h; path = AppDelegate.h; sourceTree = "<group>"; };
		181B23BE191A0EB9003CE058 /* AppDelegate.m */ = {isa = PBXFileReference; lastKnownFileType = sourcecode.c.objc; path = AppDelegate.m; sourceTree = "<group>"; };
		181B23C0191A0EB9003CE058 /* Images.xcassets */ = {isa = PBXFileReference; lastKnownFileType = folder.assetcatalog; path = Images.xcassets; sourceTree = "<group>"; };
		181B23C6191A0EB9003CE058 /* groupTableViewTests.xctest */ = {isa = PBXFileReference; explicitFileType = wrapper.cfbundle; includeInIndex = 0; path = groupTableViewTests.xctest; sourceTree = BUILT_PRODUCTS_DIR; };
		181B23C7191A0EB9003CE058 /* XCTest.framework */ = {isa = PBXFileReference; lastKnownFileType = wrapper.framework; name = XCTest.framework; path = Library/Frameworks/XCTest.framework; sourceTree = DEVELOPER_DIR; };
		181B23CF191A0EB9003CE058 /* groupTableViewTests-Info.plist */ = {isa = PBXFileReference; lastKnownFileType = text.plist.xml; path = "groupTableViewTests-Info.plist"; sourceTree = "<group>"; };
		181B23D1191A0EB9003CE058 /* en */ = {isa = PBXFileReference; lastKnownFileType = text.plist.strings; name = en; path = en.lproj/InfoPlist.strings; sourceTree = "<group>"; };
		181B23D3191A0EB9003CE058 /* groupTableViewTests.m */ = {isa = PBXFileReference; lastKnownFileType = sourcecode.c.objc; path = groupTableViewTests.m; sourceTree = "<group>"; };
		181B23E2191A0F08003CE058 /* ViewController.h */ = {isa = PBXFileReference; fileEncoding = 4; lastKnownFileType = sourcecode.c.h; path = ViewController.h; sourceTree = "<group>"; };
		181B23E3191A0F08003CE058 /* ViewController.m */ = {isa = PBXFileReference; fileEncoding = 4; lastKnownFileType = sourcecode.c.objc; path = ViewController.m; sourceTree = "<group>"; };
		181B23E4191A0F08003CE058 /* ViewController.xib */ = {isa = PBXFileReference; fileEncoding = 4; lastKnownFileType = file.xib; path = ViewController.xib; sourceTree = "<group>"; };
		1B01AF761941992C00E597FD /* RadioButton.h */ = {isa = PBXFileReference; fileEncoding = 4; lastKnownFileType = sourcecode.c.h; path = RadioButton.h; sourceTree = "<group>"; };
		1B01AF771941992C00E597FD /* RadioButton.m */ = {isa = PBXFileReference; fileEncoding = 4; lastKnownFileType = sourcecode.c.objc; path = RadioButton.m; sourceTree = "<group>"; };
		1B2A712519499B1000F439DE /* RadioButton-Selected.png */ = {isa = PBXFileReference; lastKnownFileType = image.png; path = "RadioButton-Selected.png"; sourceTree = "<group>"; };
		1B2A712619499B1000F439DE /* RadioButton-Selected@2x.png */ = {isa = PBXFileReference; lastKnownFileType = image.png; path = "RadioButton-Selected@2x.png"; sourceTree = "<group>"; };
		1B2A712719499B1000F439DE /* RadioButton-Unselected.png */ = {isa = PBXFileReference; lastKnownFileType = image.png; path = "RadioButton-Unselected.png"; sourceTree = "<group>"; };
		1B2A712819499B1000F439DE /* RadioButton-Unselected@2x.png */ = {isa = PBXFileReference; lastKnownFileType = image.png; path = "RadioButton-Unselected@2x.png"; sourceTree = "<group>"; };
		1BA271BC191A12E90070BE06 /* recipes.plist */ = {isa = PBXFileReference; fileEncoding = 4; lastKnownFileType = text.plist.xml; name = recipes.plist; path = ../recipes.plist; sourceTree = "<group>"; };
/* End PBXFileReference section */

/* Begin PBXFrameworksBuildPhase section */
		181B23A8191A0EB9003CE058 /* Frameworks */ = {
			isa = PBXFrameworksBuildPhase;
			buildActionMask = 2147483647;
			files = (
				181B23B1191A0EB9003CE058 /* CoreGraphics.framework in Frameworks */,
				181B23B3191A0EB9003CE058 /* UIKit.framework in Frameworks */,
				181B23AF191A0EB9003CE058 /* Foundation.framework in Frameworks */,
			);
			runOnlyForDeploymentPostprocessing = 0;
		};
		181B23C3191A0EB9003CE058 /* Frameworks */ = {
			isa = PBXFrameworksBuildPhase;
			buildActionMask = 2147483647;
			files = (
				181B23C8191A0EB9003CE058 /* XCTest.framework in Frameworks */,
				181B23CA191A0EB9003CE058 /* UIKit.framework in Frameworks */,
				181B23C9191A0EB9003CE058 /* Foundation.framework in Frameworks */,
			);
			runOnlyForDeploymentPostprocessing = 0;
		};
/* End PBXFrameworksBuildPhase section */

/* Begin PBXGroup section */
		181B23A2191A0EB9003CE058 = {
			isa = PBXGroup;
			children = (
				181B23B4191A0EB9003CE058 /* groupTableView */,
				181B23CD191A0EB9003CE058 /* groupTableViewTests */,
				181B23AD191A0EB9003CE058 /* Frameworks */,
				181B23AC191A0EB9003CE058 /* Products */,
			);
			sourceTree = "<group>";
		};
		181B23AC191A0EB9003CE058 /* Products */ = {
			isa = PBXGroup;
			children = (
				181B23AB191A0EB9003CE058 /* groupTableView.app */,
				181B23C6191A0EB9003CE058 /* groupTableViewTests.xctest */,
			);
			name = Products;
			sourceTree = "<group>";
		};
		181B23AD191A0EB9003CE058 /* Frameworks */ = {
			isa = PBXGroup;
			children = (
				181B23AE191A0EB9003CE058 /* Foundation.framework */,
				181B23B0191A0EB9003CE058 /* CoreGraphics.framework */,
				181B23B2191A0EB9003CE058 /* UIKit.framework */,
				181B23C7191A0EB9003CE058 /* XCTest.framework */,
			);
			name = Frameworks;
			sourceTree = "<group>";
		};
		181B23B4191A0EB9003CE058 /* groupTableView */ = {
			isa = PBXGroup;
			children = (
				181B23BD191A0EB9003CE058 /* AppDelegate.h */,
				1BA271BC191A12E90070BE06 /* recipes.plist */,
				181B23BE191A0EB9003CE058 /* AppDelegate.m */,
				181B23C0191A0EB9003CE058 /* Images.xcassets */,
				181B23B5191A0EB9003CE058 /* Supporting Files */,
				181B23E2191A0F08003CE058 /* ViewController.h */,
				1B01AF761941992C00E597FD /* RadioButton.h */,
				1B01AF771941992C00E597FD /* RadioButton.m */,
				181B23E3191A0F08003CE058 /* ViewController.m */,
				181B23E4191A0F08003CE058 /* ViewController.xib */,
				1BA6A2A719371F8A00A8F10E /* image */,
			);
			path = groupTableView;
			sourceTree = "<group>";
		};
		181B23B5191A0EB9003CE058 /* Supporting Files */ = {
			isa = PBXGroup;
			children = (
				181B23B6191A0EB9003CE058 /* groupTableView-Info.plist */,
				181B23B7191A0EB9003CE058 /* InfoPlist.strings */,
				181B23BA191A0EB9003CE058 /* main.m */,
				181B23BC191A0EB9003CE058 /* groupTableView-Prefix.pch */,
			);
			name = "Supporting Files";
			sourceTree = "<group>";
		};
		181B23CD191A0EB9003CE058 /* groupTableViewTests */ = {
			isa = PBXGroup;
			children = (
				181B23D3191A0EB9003CE058 /* groupTableViewTests.m */,
				181B23CE191A0EB9003CE058 /* Supporting Files */,
			);
			path = groupTableViewTests;
			sourceTree = "<group>";
		};
		181B23CE191A0EB9003CE058 /* Supporting Files */ = {
			isa = PBXGroup;
			children = (
				181B23CF191A0EB9003CE058 /* groupTableViewTests-Info.plist */,
				181B23D0191A0EB9003CE058 /* InfoPlist.strings */,
			);
			name = "Supporting Files";
			sourceTree = "<group>";
		};
		1BA6A2A719371F8A00A8F10E /* image */ = {
			isa = PBXGroup;
			children = (
				1BA6A2A819371F9D00A8F10E /* Radio */,
			);
			name = image;
			sourceTree = "<group>";
		};
		1BA6A2A819371F9D00A8F10E /* Radio */ = {
			isa = PBXGroup;
			children = (
				1B2A712519499B1000F439DE /* RadioButton-Selected.png */,
				1B2A712619499B1000F439DE /* RadioButton-Selected@2x.png */,
				1B2A712719499B1000F439DE /* RadioButton-Unselected.png */,
				1B2A712819499B1000F439DE /* RadioButton-Unselected@2x.png */,
			);
			name = Radio;
			sourceTree = "<group>";
		};
/* End PBXGroup section */

/* Begin PBXNativeTarget section */
		181B23AA191A0EB9003CE058 /* groupTableView */ = {
			isa = PBXNativeTarget;
			buildConfigurationList = 181B23D7191A0EB9003CE058 /* Build configuration list for PBXNativeTarget "groupTableView" */;
			buildPhases = (
				181B23A7191A0EB9003CE058 /* Sources */,
				181B23A8191A0EB9003CE058 /* Frameworks */,
				181B23A9191A0EB9003CE058 /* Resources */,
			);
			buildRules = (
			);
			dependencies = (
			);
			name = groupTableView;
			productName = groupTableView;
			productReference = 181B23AB191A0EB9003CE058 /* groupTableView.app */;
			productType = "com.apple.product-type.application";
		};
		181B23C5191A0EB9003CE058 /* groupTableViewTests */ = {
			isa = PBXNativeTarget;
			buildConfigurationList = 181B23DA191A0EB9003CE058 /* Build configuration list for PBXNativeTarget "groupTableViewTests" */;
			buildPhases = (
				181B23C2191A0EB9003CE058 /* Sources */,
				181B23C3191A0EB9003CE058 /* Frameworks */,
				181B23C4191A0EB9003CE058 /* Resources */,
			);
			buildRules = (
			);
			dependencies = (
				181B23CC191A0EB9003CE058 /* PBXTargetDependency */,
			);
			name = groupTableViewTests;
			productName = groupTableViewTests;
			productReference = 181B23C6191A0EB9003CE058 /* groupTableViewTests.xctest */;
			productType = "com.apple.product-type.bundle.unit-test";
		};
/* End PBXNativeTarget section */

/* Begin PBXProject section */
		181B23A3191A0EB9003CE058 /* Project object */ = {
			isa = PBXProject;
			attributes = {
				LastUpgradeCheck = 0500;
				ORGANIZATIONNAME = "Chanratha LY";
				TargetAttributes = {
					181B23C5191A0EB9003CE058 = {
						TestTargetID = 181B23AA191A0EB9003CE058;
					};
				};
			};
			buildConfigurationList = 181B23A6191A0EB9003CE058 /* Build configuration list for PBXProject "groupTableView" */;
			compatibilityVersion = "Xcode 3.2";
			developmentRegion = English;
			hasScannedForEncodings = 0;
			knownRegions = (
				en,
				Base,
			);
			mainGroup = 181B23A2191A0EB9003CE058;
			productRefGroup = 181B23AC191A0EB9003CE058 /* Products */;
			projectDirPath = "";
			projectRoot = "";
			targets = (
				181B23AA191A0EB9003CE058 /* groupTableView */,
				181B23C5191A0EB9003CE058 /* groupTableViewTests */,
			);
		};
/* End PBXProject section */

/* Begin PBXResourcesBuildPhase section */
		181B23A9191A0EB9003CE058 /* Resources */ = {
			isa = PBXResourcesBuildPhase;
			buildActionMask = 2147483647;
			files = (
				181B23B9191A0EB9003CE058 /* InfoPlist.strings in Resources */,
				1B2A712A19499B1000F439DE /* RadioButton-Selected@2x.png in Resources */,
				181B23E6191A0F08003CE058 /* ViewController.xib in Resources */,
				1BA271BD191A12E90070BE06 /* recipes.plist in Resources */,
				1B2A712919499B1000F439DE /* RadioButton-Selected.png in Resources */,
				181B23C1191A0EB9003CE058 /* Images.xcassets in Resources */,
				1B2A712C19499B1000F439DE /* RadioButton-Unselected@2x.png in Resources */,
				1B2A712B19499B1000F439DE /* RadioButton-Unselected.png in Resources */,
			);
			runOnlyForDeploymentPostprocessing = 0;
		};
		181B23C4191A0EB9003CE058 /* Resources */ = {
			isa = PBXResourcesBuildPhase;
			buildActionMask = 2147483647;
			files = (
				181B23D2191A0EB9003CE058 /* InfoPlist.strings in Resources */,
			);
			runOnlyForDeploymentPostprocessing = 0;
		};
/* End PBXResourcesBuildPhase section */

/* Begin PBXSourcesBuildPhase section */
		181B23A7191A0EB9003CE058 /* Sources */ = {
			isa = PBXSourcesBuildPhase;
			buildActionMask = 2147483647;
			files = (
				181B23E5191A0F08003CE058 /* ViewController.m in Sources */,
				181B23BF191A0EB9003CE058 /* AppDelegate.m in Sources */,
				181B23BB191A0EB9003CE058 /* main.m in Sources */,
				1B01AF781941992C00E597FD /* RadioButton.m in Sources */,
			);
			runOnlyForDeploymentPostprocessing = 0;
		};
		181B23C2191A0EB9003CE058 /* Sources */ = {
			isa = PBXSourcesBuildPhase;
			buildActionMask = 2147483647;
			files = (
				181B23D4191A0EB9003CE058 /* groupTableViewTests.m in Sources */,
			);
			runOnlyForDeploymentPostprocessing = 0;
		};
/* End PBXSourcesBuildPhase section */

/* Begin PBXTargetDependency section */
		181B23CC191A0EB9003CE058 /* PBXTargetDependency */ = {
			isa = PBXTargetDependency;
			target = 181B23AA191A0EB9003CE058 /* groupTableView */;
			targetProxy = 181B23CB191A0EB9003CE058 /* PBXContainerItemProxy */;
		};
/* End PBXTargetDependency section */

/* Begin PBXVariantGroup section */
		181B23B7191A0EB9003CE058 /* InfoPlist.strings */ = {
			isa = PBXVariantGroup;
			children = (
				181B23B8191A0EB9003CE058 /* en */,
			);
			name = InfoPlist.strings;
			sourceTree = "<group>";
		};
		181B23D0191A0EB9003CE058 /* InfoPlist.strings */ = {
			isa = PBXVariantGroup;
			children = (
				181B23D1191A0EB9003CE058 /* en */,
			);
			name = InfoPlist.strings;
			sourceTree = "<group>";
		};
/* End PBXVariantGroup section */

/* Begin XCBuildConfiguration section */
		181B23D5191A0EB9003CE058 /* Debug */ = {
			isa = XCBuildConfiguration;
			buildSettings = {
				ALWAYS_SEARCH_USER_PATHS = NO;
				ARCHS = "$(ARCHS_STANDARD_INCLUDING_64_BIT)";
				CLANG_CXX_LANGUAGE_STANDARD = "gnu++0x";
				CLANG_CXX_LIBRARY = "libc++";
				CLANG_ENABLE_MODULES = YES;
				CLANG_ENABLE_OBJC_ARC = YES;
				CLANG_WARN_BOOL_CONVERSION = YES;
				CLANG_WARN_CONSTANT_CONVERSION = YES;
				CLANG_WARN_DIRECT_OBJC_ISA_USAGE = YES_ERROR;
				CLANG_WARN_EMPTY_BODY = YES;
				CLANG_WARN_ENUM_CONVERSION = YES;
				CLANG_WARN_INT_CONVERSION = YES;
				CLANG_WARN_OBJC_ROOT_CLASS = YES_ERROR;
				CLANG_WARN__DUPLICATE_METHOD_MATCH = YES;
				"CODE_SIGN_IDENTITY[sdk=iphoneos*]" = "iPhone Developer";
				COPY_PHASE_STRIP = NO;
				GCC_C_LANGUAGE_STANDARD = gnu99;
				GCC_DYNAMIC_NO_PIC = NO;
				GCC_OPTIMIZATION_LEVEL = 0;
				GCC_PREPROCESSOR_DEFINITIONS = (
					"DEBUG=1",
					"$(inherited)",
				);
				GCC_SYMBOLS_PRIVATE_EXTERN = NO;
				GCC_WARN_64_TO_32_BIT_CONVERSION = YES;
				GCC_WARN_ABOUT_RETURN_TYPE = YES_ERROR;
				GCC_WARN_UNDECLARED_SELECTOR = YES;
				GCC_WARN_UNINITIALIZED_AUTOS = YES;
				GCC_WARN_UNUSED_FUNCTION = YES;
				GCC_WARN_UNUSED_VARIABLE = YES;
				IPHONEOS_DEPLOYMENT_TARGET = 7.0;
				ONLY_ACTIVE_ARCH = YES;
				SDKROOT = iphoneos;
			};
			name = Debug;
		};
		181B23D6191A0EB9003CE058 /* Release */ = {
			isa = XCBuildConfiguration;
			buildSettings = {
				ALWAYS_SEARCH_USER_PATHS = NO;
				ARCHS = "$(ARCHS_STANDARD_INCLUDING_64_BIT)";
				CLANG_CXX_LANGUAGE_STANDARD = "gnu++0x";
				CLANG_CXX_LIBRARY = "libc++";
				CLANG_ENABLE_MODULES = YES;
				CLANG_ENABLE_OBJC_ARC = YES;
				CLANG_WARN_BOOL_CONVERSION = YES;
				CLANG_WARN_CONSTANT_CONVERSION = YES;
				CLANG_WARN_DIRECT_OBJC_ISA_USAGE = YES_ERROR;
				CLANG_WARN_EMPTY_BODY = YES;
				CLANG_WARN_ENUM_CONVERSION = YES;
				CLANG_WARN_INT_CONVERSION = YES;
				CLANG_WARN_OBJC_ROOT_CLASS = YES_ERROR;
				CLANG_WARN__DUPLICATE_METHOD_MATCH = YES;
				"CODE_SIGN_IDENTITY[sdk=iphoneos*]" = "iPhone Developer";
				COPY_PHASE_STRIP = YES;
				ENABLE_NS_ASSERTIONS = NO;
				GCC_C_LANGUAGE_STANDARD = gnu99;
				GCC_WARN_64_TO_32_BIT_CONVERSION = YES;
				GCC_WARN_ABOUT_RETURN_TYPE = YES_ERROR;
				GCC_WARN_UNDECLARED_SELECTOR = YES;
				GCC_WARN_UNINITIALIZED_AUTOS = YES;
				GCC_WARN_UNUSED_FUNCTION = YES;
				GCC_WARN_UNUSED_VARIABLE = YES;
				IPHONEOS_DEPLOYMENT_TARGET = 7.0;
				SDKROOT = iphoneos;
				VALIDATE_PRODUCT = YES;
			};
			name = Release;
		};
		181B23D8191A0EB9003CE058 /* Debug */ = {
			isa = XCBuildConfiguration;
			buildSettings = {
				ASSETCATALOG_COMPILER_APPICON_NAME = AppIcon;
				ASSETCATALOG_COMPILER_LAUNCHIMAGE_NAME = LaunchImage;
				GCC_PRECOMPILE_PREFIX_HEADER = YES;
				GCC_PREFIX_HEADER = "groupTableView/groupTableView-Prefix.pch";
				INFOPLIST_FILE = "groupTableView/groupTableView-Info.plist";
				PRODUCT_NAME = "$(TARGET_NAME)";
				WRAPPER_EXTENSION = app;
			};
			name = Debug;
		};
		181B23D9191A0EB9003CE058 /* Release */ = {
			isa = XCBuildConfiguration;
			buildSettings = {
				ASSETCATALOG_COMPILER_APPICON_NAME = AppIcon;
				ASSETCATALOG_COMPILER_LAUNCHIMAGE_NAME = LaunchImage;
				GCC_PRECOMPILE_PREFIX_HEADER = YES;
				GCC_PREFIX_HEADER = "groupTableView/groupTableView-Prefix.pch";
				INFOPLIST_FILE = "groupTableView/groupTableView-Info.plist";
				PRODUCT_NAME = "$(TARGET_NAME)";
				WRAPPER_EXTENSION = app;
			};
			name = Release;
		};
		181B23DB191A0EB9003CE058 /* Debug */ = {
			isa = XCBuildConfiguration;
			buildSettings = {
				ARCHS = "$(ARCHS_STANDARD_INCLUDING_64_BIT)";
				BUNDLE_LOADER = "$(BUILT_PRODUCTS_DIR)/groupTableView.app/groupTableView";
				FRAMEWORK_SEARCH_PATHS = (
					"$(SDKROOT)/Developer/Library/Frameworks",
					"$(inherited)",
					"$(DEVELOPER_FRAMEWORKS_DIR)",
				);
				GCC_PRECOMPILE_PREFIX_HEADER = YES;
				GCC_PREFIX_HEADER = "groupTableView/groupTableView-Prefix.pch";
				GCC_PREPROCESSOR_DEFINITIONS = (
					"DEBUG=1",
					"$(inherited)",
				);
				INFOPLIST_FILE = "groupTableViewTests/groupTableViewTests-Info.plist";
				PRODUCT_NAME = "$(TARGET_NAME)";
				TEST_HOST = "$(BUNDLE_LOADER)";
				WRAPPER_EXTENSION = xctest;
			};
			name = Debug;
		};
		181B23DC191A0EB9003CE058 /* Release */ = {
			isa = XCBuildConfiguration;
			buildSettings = {
				ARCHS = "$(ARCHS_STANDARD_INCLUDING_64_BIT)";
				BUNDLE_LOADER = "$(BUILT_PRODUCTS_DIR)/groupTableView.app/groupTableView";
				FRAMEWORK_SEARCH_PATHS = (
					"$(SDKROOT)/Developer/Library/Frameworks",
					"$(inherited)",
					"$(DEVELOPER_FRAMEWORKS_DIR)",
				);
				GCC_PRECOMPILE_PREFIX_HEADER = YES;
				GCC_PREFIX_HEADER = "groupTableView/groupTableView-Prefix.pch";
				INFOPLIST_FILE = "groupTableViewTests/groupTableViewTests-Info.plist";
				PRODUCT_NAME = "$(TARGET_NAME)";
				TEST_HOST = "$(BUNDLE_LOADER)";
				WRAPPER_EXTENSION = xctest;
			};
			name = Release;
		};
/* End XCBuildConfiguration section */

/* Begin XCConfigurationList section */
		181B23A6191A0EB9003CE058 /* Build configuration list for PBXProject "groupTableView" */ = {
			isa = XCConfigurationList;
			buildConfigurations = (
				181B23D5191A0EB9003CE058 /* Debug */,
				181B23D6191A0EB9003CE058 /* Release */,
			);
			defaultConfigurationIsVisible = 0;
			defaultConfigurationName = Release;
		};
		181B23D7191A0EB9003CE058 /* Build configuration list for PBXNativeTarget "groupTableView" */ = {
			isa = XCConfigurationList;
			buildConfigurations = (
				181B23D8191A0EB9003CE058 /* Debug */,
				181B23D9191A0EB9003CE058 /* Release */,
			);
			defaultConfigurationIsVisible = 0;
			defaultConfigurationName = Release;
		};
		181B23DA191A0EB9003CE058 /* Build configuration list for PBXNativeTarget "groupTableViewTests" */ = {
			isa = XCConfigurationList;
			buildConfigurations = (
				181B23DB191A0EB9003CE058 /* Debug */,
				181B23DC191A0EB9003CE058 /* Release */,
			);
			defaultConfigurationIsVisible = 0;
			defaultConfigurationName = Release;
		};
/* End XCConfigurationList section */
	};
	rootObject = 181B23A3191A0EB9003CE058 /* Project object */;
}
