// !$*UTF8*$!
{
	archiveVersion = 1;
	classes = {
	};
	objectVersion = 46;
	objects = {

/* Begin PBXFileReference section */
		1B53833C19FDD76C000564DD /* ViewController.h */ = {isa = PBXFileReference; lastKnownFileType = sourcecode.c.h; path = ViewController.h; sourceTree = "<group>"; };
		1B53833D19FDD76C000564DD /* ViewController.m */ = {isa = PBXFileReference; lastKnownFileType = sourcecode.c.objc; path = ViewController.m; sourceTree = "<group>"; };
		1B53833E19FDD76C000564DD /* ViewController.xib */ = {isa = PBXFileReference; lastKnownFileType = file.xib; path = ViewController.xib; sourceTree = "<group>"; };
/* End PBXFileReference section */

/* Begin PBXGroup section */
		1B53833419FDD6B3000564DD = {
			isa = PBXGroup;
			children = (
				1B53833C19FDD76C000564DD /* ViewController.h */,
				1B53833D19FDD76C000564DD /* ViewController.m */,
				1B53833E19FDD76C000564DD /* ViewController.xib */,
			);
			sourceTree = "<group>";
		};
/* End PBXGroup section */

/* Begin PBXProject section */
		1B53833519FDD6B3000564DD /* Project object */ = {
			isa = PBXProject;
			attributes = {
				LastUpgradeCheck = 0600;
			};
			buildConfigurationList = 1B53833819FDD6B3000564DD /* Build configuration list for PBXProject "Underline_TitleButton" */;
			compatibilityVersion = "Xcode 3.2";
			developmentRegion = English;
			hasScannedForEncodings = 0;
			knownRegions = (
				en,
			);
			mainGroup = 1B53833419FDD6B3000564DD;
			projectDirPath = "";
			projectRoot = "";
			targets = (
			);
		};
/* End PBXProject section */

/* Begin XCBuildConfiguration section */
		1B53833919FDD6B3000564DD /* Debug */ = {
			isa = XCBuildConfiguration;
			buildSettings = {
			};
			name = Debug;
		};
		1B53833A19FDD6B3000564DD /* Release */ = {
			isa = XCBuildConfiguration;
			buildSettings = {
			};
			name = Release;
		};
/* End XCBuildConfiguration section */

/* Begin XCConfigurationList section */
		1B53833819FDD6B3000564DD /* Build configuration list for PBXProject "Underline_TitleButton" */ = {
			isa = XCConfigurationList;
			buildConfigurations = (
				1B53833919FDD6B3000564DD /* Debug */,
				1B53833A19FDD6B3000564DD /* Release */,
			);
			defaultConfigurationIsVisible = 0;
			defaultConfigurationName = Release;
		};
/* End XCConfigurationList section */
	};
	rootObject = 1B53833519FDD6B3000564DD /* Project object */;
}
